// !$*UTF8*$!
{
	archiveVersion = 1;
	classes = {
	};
	objectVersion = 56;
	objects = {

/* Begin PBXBuildFile section */
		AC0000010000000000ASSET /* Assets.xcassets in Resources */ = {isa = PBXBuildFile; fileRef = AB0000010000000000ASSET /* Assets.xcassets */; };
		01DB91EDD9A54EE7A7CF8608 /* SmartEdge/Core/Services/SettingsService.swift in Sources */ = {isa = PBXBuildFile; fileRef = 5126CD50A38E4759B3F2BFD6 /* SmartEdge/Core/Services/SettingsService.swift */; };
		0438198DFFAD4B1DA9569353 /* SmartEdge/Core/Managers/OverlayManager.swift in Sources */ = {isa = PBXBuildFile; fileRef = F10B8BA9E45047B496D50DD3 /* SmartEdge/Core/Managers/OverlayManager.swift */; };
		0800B75887D84C98AD578B40 /* SmartEdge/Features/Settings/Panels/MusicPlayerSettingsPanel.swift in Sources */ = {isa = PBXBuildFile; fileRef = E1573FCF394742ECA481ADF4 /* SmartEdge/Features/Settings/Panels/MusicPlayerSettingsPanel.swift */; };
		09503888B1BB4E06B2CEF3D3 /* SmartEdge/Core/Coordinators/ChildWindowCoordinator.swift in Sources */ = {isa = PBXBuildFile; fileRef = 0DAE7F7DA81D432099C1FA26 /* SmartEdge/Core/Coordinators/ChildWindowCoordinator.swift */; };
		0FB9E039B562426FBCE219CD /* SmartEdge/Features/Pomodoro/PomodoroViewModel.swift in Sources */ = {isa = PBXBuildFile; fileRef = 189AE366C55B40F98127FD07 /* SmartEdge/Features/Pomodoro/PomodoroViewModel.swift */; };
		0FE9584B4258489D948BBA34 /* SmartEdge/Shared/Constants/SettingsKeys.swift in Sources */ = {isa = PBXBuildFile; fileRef = 1CC1DCFE1D1142ABB1454DAA /* SmartEdge/Shared/Constants/SettingsKeys.swift */; };
		10C91E8617EA46E3A0A5ECFC /* SmartEdge/Core/Protocols/ShelfServiceProtocol.swift in Sources */ = {isa = PBXBuildFile; fileRef = 6862153379724E62BF0AF97D /* SmartEdge/Core/Protocols/ShelfServiceProtocol.swift */; };
		112AB86E5FEE4734984B5D44 /* SmartEdge/Features/Settings/SettingsViewModel.swift in Sources */ = {isa = PBXBuildFile; fileRef = B6EE71459AB645E1A0A091A3 /* SmartEdge/Features/Settings/SettingsViewModel.swift */; };
		1695F495E1534FEA801180BE /* SmartEdge/Core/Protocols/CalendarServiceProtocol.swift in Sources */ = {isa = PBXBuildFile; fileRef = 5A436517B7574A82AAD5C20F /* SmartEdge/Core/Protocols/CalendarServiceProtocol.swift */; };
		1C8A7C0F0ECB4A95B0BE1BB4 /* SmartEdge/Core/Services/ClipboardMonitorService.swift in Sources */ = {isa = PBXBuildFile; fileRef = 9E98640E88BB415E961314D4 /* SmartEdge/Core/Services/ClipboardMonitorService.swift */; };
		1D7B43925ACD480A8CAFE758 /* SmartEdge/Core/Coordinators/Integrations/WebhookCoordinator.swift in Sources */ = {isa = PBXBuildFile; fileRef = 0EB76C01625E4A6396DDCC9F /* SmartEdge/Core/Coordinators/Integrations/WebhookCoordinator.swift */; };
		1ED85FE737A643DE8AD95D17 /* SmartEdge/Core/Protocols/AppCoordinatorProtocol.swift in Sources */ = {isa = PBXBuildFile; fileRef = 90043C76187F4381B7103DB9 /* SmartEdge/Core/Protocols/AppCoordinatorProtocol.swift */; };
		1FA8654974FE43CDB926B428 /* SmartEdge/Features/MusicPlayer/Components/AlbumArtworkView.swift in Sources */ = {isa = PBXBuildFile; fileRef = 03A9802C9EE14C9AB2EF20B4 /* SmartEdge/Features/MusicPlayer/Components/AlbumArtworkView.swift */; };
		2449DCB899F54CFD8B45A138 /* SmartEdge/Shared/Models/SystemEvent.swift in Sources */ = {isa = PBXBuildFile; fileRef = 07A11C992B4A498788F3814E /* SmartEdge/Shared/Models/SystemEvent.swift */; };
		245BF07B62264B8EA7C21CE2 /* SmartEdge/Features/MediaControl/ViewModels/MediaControlViewModel.swift in Sources */ = {isa = PBXBuildFile; fileRef = 4099A2E6DC7C4734A00C1346 /* SmartEdge/Features/MediaControl/ViewModels/MediaControlViewModel.swift */; };
		2540645BC2974F01B36BD452 /* SmartEdge/Features/Clipboard/ClipboardViewModel.swift in Sources */ = {isa = PBXBuildFile; fileRef = FDBC424748914894AECF9105 /* SmartEdge/Features/Clipboard/ClipboardViewModel.swift */; };
		2B3C038FD2564BEB89295823 /* SmartEdge/Features/Settings/Panels/DisplayDiagnosticsSection.swift in Sources */ = {isa = PBXBuildFile; fileRef = E122F00AD71648E3B706427B /* SmartEdge/Features/Settings/Panels/DisplayDiagnosticsSection.swift */; };
		2B523145AF65433D8A573087 /* SmartEdge/Features/Calendar/CalendarViewModel.swift in Sources */ = {isa = PBXBuildFile; fileRef = 1916BB3A8EB342F9A37A937B /* SmartEdge/Features/Calendar/CalendarViewModel.swift */; };
		316D3FBDBDF844FC8DAE37B8 /* SmartEdge/Shared/Models/ShelfModels.swift in Sources */ = {isa = PBXBuildFile; fileRef = 270888B4B51C46CA9228759D /* SmartEdge/Shared/Models/ShelfModels.swift */; };
		3A3E26BE0754494E8C7DD955 /* SmartEdge/Features/Settings/Panels/NotchSettingsPanel.swift in Sources */ = {isa = PBXBuildFile; fileRef = C57E920B30C94C328F6E7EFB /* SmartEdge/Features/Settings/Panels/NotchSettingsPanel.swift */; };
		3DBF2B1A921A4932B31F17F1 /* SmartEdge/Features/Onboarding/PermissionGuideView.swift in Sources */ = {isa = PBXBuildFile; fileRef = 1DCD5A84A2D7400E9FB4FA83 /* SmartEdge/Features/Onboarding/PermissionGuideView.swift */; };
		3E1C7C66F3CC48C69A3A427F /* SmartEdge/Utils/Constants.swift in Sources */ = {isa = PBXBuildFile; fileRef = 2FDC9208523546C4A7BA14DC /* SmartEdge/Utils/Constants.swift */; };
		3E5CAD4BD42F46BE8132493F /* SmartEdge/Features/Pomodoro/PomodoroContentView.swift in Sources */ = {isa = PBXBuildFile; fileRef = A77E0D6276B54C168749EC51 /* SmartEdge/Features/Pomodoro/PomodoroContentView.swift */; };
		3EC495622E5C4C17A0709EF0 /* SmartEdge/Features/Calendar/CalendarView.swift in Sources */ = {isa = PBXBuildFile; fileRef = 9535B73E8A6344DD88723CFB /* SmartEdge/Features/Calendar/CalendarView.swift */; };
		415852C48A8445A7905D7004 /* SmartEdge/Shared/Models/MediaModels.swift in Sources */ = {isa = PBXBuildFile; fileRef = 06112EAEC2CF413091EDEBBF /* SmartEdge/Shared/Models/MediaModels.swift */; };
		4205D694014F47B7B28903DB /* SmartEdge/Features/Settings/Panels/GeneralSettingsPanel.swift in Sources */ = {isa = PBXBuildFile; fileRef = 777FEE089B5344508C637B7D /* SmartEdge/Features/Settings/Panels/GeneralSettingsPanel.swift */; };
		43908EA2D03E4F2CA4BC6AD4 /* SmartEdge/Features/Notch/NotchView.swift in Sources */ = {isa = PBXBuildFile; fileRef = 15DB1C04BEEC44EC9C98E877 /* SmartEdge/Features/Notch/NotchView.swift */; };
		480DF3BDF28741B0A8DD6CCE /* SmartEdge/Core/Services/MenuBarController.swift in Sources */ = {isa = PBXBuildFile; fileRef = 3763CE7DB9FC4B4E86011360 /* SmartEdge/Core/Services/MenuBarController.swift */; };
		4B8ECBD97FDD4BA68B5D3D2D /* SmartEdge/Core/Services/BluetoothService.swift in Sources */ = {isa = PBXBuildFile; fileRef = 41AD101E472A4E2F92A5A9D9 /* SmartEdge/Core/Services/BluetoothService.swift */; };
		4C98959816BA496392EB7E2B /* SmartEdge/Features/MusicPlayer/MusicPlayerViewModel.swift in Sources */ = {isa = PBXBuildFile; fileRef = B9D58DD30D3A4F4CBADA542C /* SmartEdge/Features/MusicPlayer/MusicPlayerViewModel.swift */; };
		4D64DF380DAC4767B821A4F5 /* SmartEdge/UI/Overlays/EdgeOverlayView.swift in Sources */ = {isa = PBXBuildFile; fileRef = C9A1EE774E1242EE93F81D2B /* SmartEdge/UI/Overlays/EdgeOverlayView.swift */; };
		4E6FD18C9332409CBF752CF7 /* SmartEdge/Core/Services/SystemMonitorService.swift in Sources */ = {isa = PBXBuildFile; fileRef = 5AA3B5794A4D4C56AF969E5D /* SmartEdge/Core/Services/SystemMonitorService.swift */; };
		55CB8585199B4C06AE139945 /* SmartEdge/Features/SystemStatus/ViewModels/SystemStatusViewModel.swift in Sources */ = {isa = PBXBuildFile; fileRef = 65CE8109DB364E7C9EDAC796 /* SmartEdge/Features/SystemStatus/ViewModels/SystemStatusViewModel.swift */; };
		5AFB1C3B7DD24AA2A8312895 /* SmartEdge/Features/Settings/Views/SettingsSidebar.swift in Sources */ = {isa = PBXBuildFile; fileRef = D681A100AE3A40949F7422DB /* SmartEdge/Features/Settings/Views/SettingsSidebar.swift */; };
		5EF0C808B79F4D7DBBD8D9BB /* SmartEdge/Shared/Models/Track.swift in Sources */ = {isa = PBXBuildFile; fileRef = FAAE116F11DE457FA66C7C71 /* SmartEdge/Shared/Models/Track.swift */; };
		60F546AF59464C00ACDD1064 /* SmartEdge/Core/Services/SystemStatsService.swift in Sources */ = {isa = PBXBuildFile; fileRef = 45AA42BFC1BC4FDDAB2C4B7F /* SmartEdge/Core/Services/SystemStatsService.swift */; };
		64C0ACD0257F41778D14D236 /* SmartEdge/Core/Services/BatteryService.swift in Sources */ = {isa = PBXBuildFile; fileRef = E4A8CDCA38194441BD1E801D /* SmartEdge/Core/Services/BatteryService.swift */; };
		6A900B629981414990DB1F18 /* SmartEdge/Core/Protocols/BluetoothServiceProtocol.swift in Sources */ = {isa = PBXBuildFile; fileRef = 648BC96A35A543AE86F290F0 /* SmartEdge/Core/Protocols/BluetoothServiceProtocol.swift */; };
		7274F0AE458A479AA66C92A0 /* SmartEdge/Features/Calendar/CalendarQuickActions.swift in Sources */ = {isa = PBXBuildFile; fileRef = 77E317A4B4374F48B227D726 /* SmartEdge/Features/Calendar/CalendarQuickActions.swift */; };
		75E4ED6A4C434C69A744BF77 /* SmartEdge/Core/Managers/PermissionManager.swift in Sources */ = {isa = PBXBuildFile; fileRef = CEC31CE8577B4C08873C086F /* SmartEdge/Core/Managers/PermissionManager.swift */; };
		78C5E6CABD084178B44EBEDC /* SmartEdge/Features/MediaControl/Views/MediaControlWidget.swift in Sources */ = {isa = PBXBuildFile; fileRef = 1628C2041F5A4AB1B21A7E74 /* SmartEdge/Features/MediaControl/Views/MediaControlWidget.swift */; };
		7958C089276D4E289118B3C7 /* SmartEdge/Core/Services/PomodoroService.swift in Sources */ = {isa = PBXBuildFile; fileRef = DD692F1AFE1A4DC28CC9B4A7 /* SmartEdge/Core/Services/PomodoroService.swift */; };
		7A21157067554A16A95E4001 /* SmartEdge/Shared/Models/CalendarModels.swift in Sources */ = {isa = PBXBuildFile; fileRef = 0A87CD4522EB460185714400 /* SmartEdge/Shared/Models/CalendarModels.swift */; };
		7D0744CF115146B79FBD10E0 /* SmartEdge/Core/Services/FileSharingService.swift in Sources */ = {isa = PBXBuildFile; fileRef = 6ABA5CD54C0C49FA9B1FB7DE /* SmartEdge/Core/Services/FileSharingService.swift */; };
		810F7EB28CAE42DDB4278BC9 /* SmartEdge/Core/Services/EventNotificationService.swift in Sources */ = {isa = PBXBuildFile; fileRef = 9CBAB0E30B2F44899CE30930 /* SmartEdge/Core/Services/EventNotificationService.swift */; };
		816C6E3A866D471DB8243841 /* SmartEdge/Shared/Components/LoadingViews.swift in Sources */ = {isa = PBXBuildFile; fileRef = 7A5C05855EBE4BB89EBEAF1E /* SmartEdge/Shared/Components/LoadingViews.swift */; };
		853A24AC5C824F659189BF05 /* SmartEdge/Core/Protocols/NotchWindowManagerProtocol.swift in Sources */ = {isa = PBXBuildFile; fileRef = 8B9304177E52436B912A9FEC /* SmartEdge/Core/Protocols/NotchWindowManagerProtocol.swift */; };
		857B9CB287A54F73B2D10E26 /* SmartEdge/Shared/Models/NotchModels.swift in Sources */ = {isa = PBXBuildFile; fileRef = F9F38D10BB344141938C3761 /* SmartEdge/Shared/Models/NotchModels.swift */; };
		875B0568994E446F98B9DE2C /* SmartEdge/Shared/Components/NotchAnimation.swift in Sources */ = {isa = PBXBuildFile; fileRef = 9BA9E2C217584AF3937B7A82 /* SmartEdge/Shared/Components/NotchAnimation.swift */; };
		8928A2097FAC454DB7C05B48 /* SmartEdge/Features/SystemInfo/ViewModels/SystemInfoViewModel.swift in Sources */ = {isa = PBXBuildFile; fileRef = 239A98F458BE44E89FA8A87F /* SmartEdge/Features/SystemInfo/ViewModels/SystemInfoViewModel.swift */; };
		8A7EB9244A604222A53CA0BE /* SmartEdge/App/SmartEdgeApp.swift in Sources */ = {isa = PBXBuildFile; fileRef = DFCA08F6AFEF43CA80E6D009 /* SmartEdge/App/SmartEdgeApp.swift */; };
		8D0BCAD4AF8D46A29BB65D34 /* SmartEdge/Shared/Models/AppSettings.swift in Sources */ = {isa = PBXBuildFile; fileRef = F88987F8626A4F37A5C36912 /* SmartEdge/Shared/Models/AppSettings.swift */; };
		8DD42D6A596A4C1F9CF97FD2 /* SmartEdge/Core/Services/ServiceContainer.swift in Sources */ = {isa = PBXBuildFile; fileRef = 9E8FD0F5E6D9480FA4239AF8 /* SmartEdge/Core/Services/ServiceContainer.swift */; };
		8F45D30F63304DB484897E5C /* SmartEdge/Shared/Models/SystemStatusModels.swift in Sources */ = {isa = PBXBuildFile; fileRef = 0EF4595E3D07460C9368B30B /* SmartEdge/Shared/Models/SystemStatusModels.swift */; };
		9335F6EE828841EAB65A3A2F /* SmartEdge/Core/Models/SystemInfo.swift in Sources */ = {isa = PBXBuildFile; fileRef = 76EBF0412D674834AC062F54 /* SmartEdge/Core/Models/SystemInfo.swift */; };
		9681182FB1A94B0DBC9E6A3E /* SmartEdge/Shared/Mocks/MockServices.swift in Sources */ = {isa = PBXBuildFile; fileRef = 9E9A0F81674A4B2DBB95FFEA /* SmartEdge/Shared/Mocks/MockServices.swift */; };
		96EAD08960EB46228926425A /* SmartEdge/Features/Settings/Panels/SystemStatusSettingsPanel.swift in Sources */ = {isa = PBXBuildFile; fileRef = D740EF6B70D44DBF9BFC86AE /* SmartEdge/Features/Settings/Panels/SystemStatusSettingsPanel.swift */; };
		973F9DFBA7D546A7A8AEC6E2 /* SmartEdge/Features/MusicPlayer/MusicPlayerView.swift in Sources */ = {isa = PBXBuildFile; fileRef = 655AF19EFDF24996B355B9EA /* SmartEdge/Features/MusicPlayer/MusicPlayerView.swift */; };
		98C5AFFBF71D4EAD8703C5B5 /* SmartEdge/Features/SystemInfo/Views/SystemInfoWidget.swift in Sources */ = {isa = PBXBuildFile; fileRef = 1A2AE30214E140CE84A3F500 /* SmartEdge/Features/SystemInfo/Views/SystemInfoWidget.swift */; };
		9923053D3C4343FC818F46B7 /* SmartEdge/Core/Services/GlobalHotkeyManager.swift in Sources */ = {isa = PBXBuildFile; fileRef = D48104B83F3443FE9A8A43CB /* SmartEdge/Core/Services/GlobalHotkeyManager.swift */; };
		992BD855463742EFB2085221 /* SmartEdge/Core/Protocols/NotchCoordinatorProtocol.swift in Sources */ = {isa = PBXBuildFile; fileRef = B2446B54485E4E2894737B9F /* SmartEdge/Core/Protocols/NotchCoordinatorProtocol.swift */; };
		99B6CA9209A24E769A112285 /* SmartEdge/Shared/Mocks/PreviewMocks.swift in Sources */ = {isa = PBXBuildFile; fileRef = 432BE357939B4D338ACA831E /* SmartEdge/Shared/Mocks/PreviewMocks.swift */; };
		9A8DE51E3AB34806AA96FC7F /* SmartEdge/Core/Services/SystemService.swift in Sources */ = {isa = PBXBuildFile; fileRef = 4C98774C467C41BEA78F3302 /* SmartEdge/Core/Services/SystemService.swift */; };
		9D62D44567F94C00990D6552 /* SmartEdge/Features/MusicPlayer/Components/MusicVisualizerView.swift in Sources */ = {isa = PBXBuildFile; fileRef = 04AEB7D5BEA84BE388571A64 /* SmartEdge/Features/MusicPlayer/Components/MusicVisualizerView.swift */; };
		9F3A1AD9DEE84288BDFC48F1 /* SmartEdge/Shared/Components/NotchShape.swift in Sources */ = {isa = PBXBuildFile; fileRef = AA862A227FF64CA58BE480D0 /* SmartEdge/Shared/Components/NotchShape.swift */; };
		A044E749580D4CF4AB257DB8 /* SmartEdge/Shared/Models/PermissionModels.swift in Sources */ = {isa = PBXBuildFile; fileRef = 451F7C1489FD48149224F3F1 /* SmartEdge/Shared/Models/PermissionModels.swift */; };
		A1B2C3D4E5F6708192A3B4C5 /* SmartEdge/Shared/Components/NotchTheme.swift in Sources */ = {isa = PBXBuildFile; fileRef = B1C2D3E4F506172839A4B5C6 /* SmartEdge/Shared/Components/NotchTheme.swift */; };
		A74010C9487B4B88BD5A5B13 /* SmartEdge/Core/Services/WebhookService.swift in Sources */ = {isa = PBXBuildFile; fileRef = FDFC5BB246BC4404B90E7799 /* SmartEdge/Core/Services/WebhookService.swift */; };
		A8F65D67EBCC41DB9CD4A9BB /* SmartEdge/Features/Settings/Panels/ShelfSettingsPanel.swift in Sources */ = {isa = PBXBuildFile; fileRef = C0AFF9000F45448BA570F492 /* SmartEdge/Features/Settings/Panels/ShelfSettingsPanel.swift */; };
		AD0F054451C145968ACD6CF5 /* SmartEdge/Features/Notch/SystemStatusPlaceholderView.swift in Sources */ = {isa = PBXBuildFile; fileRef = F68229DAC7B840A292E55AB9 /* SmartEdge/Features/Notch/SystemStatusPlaceholderView.swift */; };
		ADE0AC61074A4DEDAED8906B /* SmartEdge/Features/Actions/ActionsContentView.swift in Sources */ = {isa = PBXBuildFile; fileRef = 4AC2BECCEAC74C31B9E744A8 /* SmartEdge/Features/Actions/ActionsContentView.swift */; };
		B1AA6EC2D4194A2DA51EE672 /* SmartEdge/Shared/Models/NotchDisplayPolicy.swift in Sources */ = {isa = PBXBuildFile; fileRef = F9E52B2CC15A46448316C3C5 /* SmartEdge/Shared/Models/NotchDisplayPolicy.swift */; };
		B2F7A9AF76B8494FBBF99721 /* SmartEdge/Shared/Utilities/AppLogger.swift in Sources */ = {isa = PBXBuildFile; fileRef = 02D2E3445B524C92B3A3B70A /* SmartEdge/Shared/Utilities/AppLogger.swift */; };
		B3FFA7DC415C48BCBD285F7B /* SmartEdge/Features/Settings/Views/SettingsView.swift in Sources */ = {isa = PBXBuildFile; fileRef = 2EBB618882E54F7A9E626340 /* SmartEdge/Features/Settings/Views/SettingsView.swift */; };
		B51AAA59B334497C918FE489 /* SmartEdge/Features/Notch/NotificationContentView.swift in Sources */ = {isa = PBXBuildFile; fileRef = B8622251ABAA42AFAD89996B /* SmartEdge/Features/Notch/NotificationContentView.swift */; };
		B621BF7D751446E189CF023E /* SmartEdge/Features/Settings/Components/PermissionStatusView.swift in Sources */ = {isa = PBXBuildFile; fileRef = B0586A9CD5994E42A38D049A /* SmartEdge/Features/Settings/Components/PermissionStatusView.swift */; };
		A3A2B3C4D5E6F70819203170 /* SmartEdge/Features/Settings/Components/ProLockOverlay.swift in Sources */ = {isa = PBXBuildFile; fileRef = A4A2B3C4D5E6F70819203171 /* SmartEdge/Features/Settings/Components/ProLockOverlay.swift */; };
		A3A2B3C4D5E6F70819203180 /* SmartEdge/Features/Settings/Components/SettingsCard.swift in Sources */ = {isa = PBXBuildFile; fileRef = A4A2B3C4D5E6F70819203181 /* SmartEdge/Features/Settings/Components/SettingsCard.swift */; };
		B6FA89F84EE84A53B2B537EB /* SmartEdge/Features/Notch/NotchViewModel.swift in Sources */ = {isa = PBXBuildFile; fileRef = 66D74D1258AB47F68F852AB2 /* SmartEdge/Features/Notch/NotchViewModel.swift */; };
		B7082FB084E3471787FB651C /* SmartEdge/Features/Pomodoro/PomodoroStatisticsView.swift in Sources */ = {isa = PBXBuildFile; fileRef = A81A090F536C4D21822095A2 /* SmartEdge/Features/Pomodoro/PomodoroStatisticsView.swift */; };
		B8D184CC2E294D68AF75D000 /* SmartEdge/Shared/Models/NowPlayingModel.swift in Sources */ = {isa = PBXBuildFile; fileRef = ECAE9087FEE7410A8FB2F272 /* SmartEdge/Shared/Models/NowPlayingModel.swift */; };
		B991FDB95444482B99962646 /* SmartEdge/Core/Services/PomodoroSessionStore.swift in Sources */ = {isa = PBXBuildFile; fileRef = 3AAD802059254A5CB88B0CCB /* SmartEdge/Core/Services/PomodoroSessionStore.swift */; };
		BD537788345D499791354A77 /* SmartEdge/Features/SystemStatus/Views/SystemStatusView.swift in Sources */ = {isa = PBXBuildFile; fileRef = 1F01F9C4AAEB4A42A94B111E /* SmartEdge/Features/SystemStatus/Views/SystemStatusView.swift */; };
		C1A2B3C4D5E6F70819203140 /* SmartEdge/Core/Services/Music/AppleScriptRunner.swift in Sources */ = {isa = PBXBuildFile; fileRef = D1A2B3C4D5E6F70819203141 /* SmartEdge/Core/Services/Music/AppleScriptRunner.swift */; };
		C2A2B3C4D5E6F70819203142 /* SmartEdge/Core/Services/Music/AppleScriptMediaService.swift in Sources */ = {isa = PBXBuildFile; fileRef = D2A2B3C4D5E6F70819203143 /* SmartEdge/Core/Services/Music/AppleScriptMediaService.swift */; };
		C43E9B19EDB746199577141F /* SmartEdge/Core/Coordinators/SystemEventCoordinator.swift in Sources */ = {isa = PBXBuildFile; fileRef = 03AD58E9E69F4A5988A0A236 /* SmartEdge/Core/Coordinators/SystemEventCoordinator.swift */; };
		C4A07D9817334B478A611E34 /* SmartEdge/Core/Services/ShelfService.swift in Sources */ = {isa = PBXBuildFile; fileRef = D79107604922492CA36AA5AE /* SmartEdge/Core/Services/ShelfService.swift */; };
		C64C429E672542C3AD877ADB /* SmartEdge/App/AppDelegate.swift in Sources */ = {isa = PBXBuildFile; fileRef = FA25F5E4CA584ECEB5F77473 /* SmartEdge/App/AppDelegate.swift */; };
		CBDB8F8BF67A446EB3C349A6 /* SmartEdge/Features/Settings/Components/NotchPreview.swift in Sources */ = {isa = PBXBuildFile; fileRef = 86B8159C6F00432D8BFBFDED /* SmartEdge/Features/Settings/Components/NotchPreview.swift */; };
		D19703714E744A0F984B220B /* SmartEdge/Shared/Components/ErrorViews.swift in Sources */ = {isa = PBXBuildFile; fileRef = F8B090DD2C3A4F1094D9A25B /* SmartEdge/Shared/Components/ErrorViews.swift */; };
		D1E1E16625EF4DF08A009E1F /* SmartEdge/Features/Settings/Panels/PrivacySettingsPanel.swift in Sources */ = {isa = PBXBuildFile; fileRef = 82D53A57F77747DDB343B15C /* SmartEdge/Features/Settings/Panels/PrivacySettingsPanel.swift */; };
		D50E52CC3D2948C3BD85C0D8 /* SmartEdge/Core/Protocols/BatteryServiceProtocol.swift in Sources */ = {isa = PBXBuildFile; fileRef = 49186A27BFEE42BB9D1DDE2A /* SmartEdge/Core/Protocols/BatteryServiceProtocol.swift */; };
		D59766B7293C46BD8B8A746B /* SmartEdge/Features/Settings/Panels/IntegrationsSettingsPanel.swift in Sources */ = {isa = PBXBuildFile; fileRef = F056A7EBE7C44D22BED8C98D /* SmartEdge/Features/Settings/Panels/IntegrationsSettingsPanel.swift */; };
		D7D7F523551E46B6B86F44F3 /* SmartEdge/Core/Services/SystemPermissionManager.swift in Sources */ = {isa = PBXBuildFile; fileRef = A19A5B88BF2744848B38CAE0 /* SmartEdge/Core/Services/SystemPermissionManager.swift */; };
		D8AD549F74824F7FB8FDEE8C /* SmartEdge/Features/Settings/Components/PermissionRow.swift in Sources */ = {isa = PBXBuildFile; fileRef = DE0BADD219814A4EBF7C10AE /* SmartEdge/Features/Settings/Components/PermissionRow.swift */; };
		D9F6EC53CAE44EBC95360896 /* SmartEdge/Core/Protocols/ServiceProtocols.swift in Sources */ = {isa = PBXBuildFile; fileRef = 419B3BB309F1443C8538654B /* SmartEdge/Core/Protocols/ServiceProtocols.swift */; };
		DE8FB586E5484B55814CDDD3 /* SmartEdge/Core/Services/CalendarService.swift in Sources */ = {isa = PBXBuildFile; fileRef = 675126FF9A794956AA19903E /* SmartEdge/Core/Services/CalendarService.swift */; };
		E1A2B3C4D5E6F70819203150 /* SmartEdge/Core/Services/StoreService.swift in Sources */ = {isa = PBXBuildFile; fileRef = E2A2B3C4D5E6F70819203151 /* SmartEdge/Core/Services/StoreService.swift */; };
		E29888BF8EF94182B304EEC6 /* SmartEdge/Features/Shelf/ShelfViewModel.swift in Sources */ = {isa = PBXBuildFile; fileRef = 6B35473B4C4E4F6195F1A87D /* SmartEdge/Features/Shelf/ShelfViewModel.swift */; };
		E5B62631910940C1B79BC762 /* SmartEdge/Features/Shelf/ShelfView.swift in Sources */ = {isa = PBXBuildFile; fileRef = 9EDF93BE428849C49FCD59A4 /* SmartEdge/Features/Shelf/ShelfView.swift */; };
		E8804790A84245C5AA66675B /* SmartEdge/Features/Settings/Panels/CalendarSettingsPanel.swift in Sources */ = {isa = PBXBuildFile; fileRef = BDD807A40F27416DAEB2830A /* SmartEdge/Features/Settings/Panels/CalendarSettingsPanel.swift */; };
		F1A2B3C4D5E6F70819203160 /* SmartEdge/Features/Settings/Panels/ProSettingsPanel.swift in Sources */ = {isa = PBXBuildFile; fileRef = F2A2B3C4D5E6F70819203161 /* SmartEdge/Features/Settings/Panels/ProSettingsPanel.swift */; };
		F9880E0C154946ACB7A9EB5A /* SmartEdge/Core/Protocols/MediaServiceProtocol.swift in Sources */ = {isa = PBXBuildFile; fileRef = BE35D88D098A40CA8F7ADDD7 /* SmartEdge/Core/Protocols/MediaServiceProtocol.swift */; };
		FAD949AB7CA444B2A5FF6DF4 /* SmartEdge/Core/Coordinators/AppCoordinator.swift in Sources */ = {isa = PBXBuildFile; fileRef = 8AA3B867B2664E1CAB912066 /* SmartEdge/Core/Coordinators/AppCoordinator.swift */; };
		FC3C222119574E8FAE041BA4 /* SmartEdge/Shared/Components/ErrorStatePreview.swift in Sources */ = {isa = PBXBuildFile; fileRef = D26AF81DB97742E8B33A57B1 /* SmartEdge/Shared/Components/ErrorStatePreview.swift */; };
		FCEC450B61FD4FC0A0FEC7D9 /* SmartEdge/Core/Services/NotchWindowManager.swift in Sources */ = {isa = PBXBuildFile; fileRef = CC8B3C5699D84DAAA3980480 /* SmartEdge/Core/Services/NotchWindowManager.swift */; };
		FD695318CDD54D98AFF310D5 /* SmartEdge/Features/Clipboard/ClipboardContentView.swift in Sources */ = {isa = PBXBuildFile; fileRef = D3CB4943B94A476393D0C64E /* SmartEdge/Features/Clipboard/ClipboardContentView.swift */; };
		FEC7526D503C40B589111AB8 /* SmartEdge/Features/Shelf/ShelfTransferContentView.swift in Sources */ = {isa = PBXBuildFile; fileRef = 670D70A12E934BFEABEEAAE2 /* SmartEdge/Features/Shelf/ShelfTransferContentView.swift */; };
		FECA86A86B4A42A2A797574E /* SmartEdge/Shared/Components/NativeHUDStyle.swift in Sources */ = {isa = PBXBuildFile; fileRef = DB65FC81EE0D4A11A3195B24 /* SmartEdge/Shared/Components/NativeHUDStyle.swift */; };
		FF2DCAC2462046AEB9402E71 /* SmartEdge/Shared/Models/SmartEdgeError.swift in Sources */ = {isa = PBXBuildFile; fileRef = 39EE92811E6D451BB5C23DD8 /* SmartEdge/Shared/Models/SmartEdgeError.swift */; };
/* End PBXBuildFile section */

/* Begin PBXFileReference section */
		02D2E3445B524C92B3A3B70A /* SmartEdge/Shared/Utilities/AppLogger.swift */ = {isa = PBXFileReference; lastKnownFileType = sourcecode.swift; path = SmartEdge/Shared/Utilities/AppLogger.swift; sourceTree = "<group>"; };
		03A9802C9EE14C9AB2EF20B4 /* SmartEdge/Features/MusicPlayer/Components/AlbumArtworkView.swift */ = {isa = PBXFileReference; lastKnownFileType = sourcecode.swift; path = SmartEdge/Features/MusicPlayer/Components/AlbumArtworkView.swift; sourceTree = "<group>"; };
		03AD58E9E69F4A5988A0A236 /* SmartEdge/Core/Coordinators/SystemEventCoordinator.swift */ = {isa = PBXFileReference; lastKnownFileType = sourcecode.swift; path = SmartEdge/Core/Coordinators/SystemEventCoordinator.swift; sourceTree = "<group>"; };
		04AEB7D5BEA84BE388571A64 /* SmartEdge/Features/MusicPlayer/Components/MusicVisualizerView.swift */ = {isa = PBXFileReference; lastKnownFileType = sourcecode.swift; path = SmartEdge/Features/MusicPlayer/Components/MusicVisualizerView.swift; sourceTree = "<group>"; };
		06112EAEC2CF413091EDEBBF /* SmartEdge/Shared/Models/MediaModels.swift */ = {isa = PBXFileReference; lastKnownFileType = sourcecode.swift; path = SmartEdge/Shared/Models/MediaModels.swift; sourceTree = "<group>"; };
		07A11C992B4A498788F3814E /* SmartEdge/Shared/Models/SystemEvent.swift */ = {isa = PBXFileReference; lastKnownFileType = sourcecode.swift; path = SmartEdge/Shared/Models/SystemEvent.swift; sourceTree = "<group>"; };
		0A87CD4522EB460185714400 /* SmartEdge/Shared/Models/CalendarModels.swift */ = {isa = PBXFileReference; lastKnownFileType = sourcecode.swift; path = SmartEdge/Shared/Models/CalendarModels.swift; sourceTree = "<group>"; };
		0DAE7F7DA81D432099C1FA26 /* SmartEdge/Core/Coordinators/ChildWindowCoordinator.swift */ = {isa = PBXFileReference; lastKnownFileType = sourcecode.swift; path = SmartEdge/Core/Coordinators/ChildWindowCoordinator.swift; sourceTree = "<group>"; };
		0EB76C01625E4A6396DDCC9F /* SmartEdge/Core/Coordinators/Integrations/WebhookCoordinator.swift */ = {isa = PBXFileReference; lastKnownFileType = sourcecode.swift; path = SmartEdge/Core/Coordinators/Integrations/WebhookCoordinator.swift; sourceTree = "<group>"; };
		0EF4595E3D07460C9368B30B /* SmartEdge/Shared/Models/SystemStatusModels.swift */ = {isa = PBXFileReference; lastKnownFileType = sourcecode.swift; path = SmartEdge/Shared/Models/SystemStatusModels.swift; sourceTree = "<group>"; };
		15DB1C04BEEC44EC9C98E877 /* SmartEdge/Features/Notch/NotchView.swift */ = {isa = PBXFileReference; lastKnownFileType = sourcecode.swift; path = SmartEdge/Features/Notch/NotchView.swift; sourceTree = "<group>"; };
		1628C2041F5A4AB1B21A7E74 /* SmartEdge/Features/MediaControl/Views/MediaControlWidget.swift */ = {isa = PBXFileReference; lastKnownFileType = sourcecode.swift; path = SmartEdge/Features/MediaControl/Views/MediaControlWidget.swift; sourceTree = "<group>"; };
		189AE366C55B40F98127FD07 /* SmartEdge/Features/Pomodoro/PomodoroViewModel.swift */ = {isa = PBXFileReference; lastKnownFileType = sourcecode.swift; path = SmartEdge/Features/Pomodoro/PomodoroViewModel.swift; sourceTree = "<group>"; };
		1916BB3A8EB342F9A37A937B /* SmartEdge/Features/Calendar/CalendarViewModel.swift */ = {isa = PBXFileReference; lastKnownFileType = sourcecode.swift; path = SmartEdge/Features/Calendar/CalendarViewModel.swift; sourceTree = "<group>"; };
		1A000001000000000000100 /* SmartEdge.app */ = {isa = PBXFileReference; explicitFileType = wrapper.application; includeInIndex = 0; path = SmartEdge.app; sourceTree = BUILT_PRODUCTS_DIR; };
		1A2AE30214E140CE84A3F500 /* SmartEdge/Features/SystemInfo/Views/SystemInfoWidget.swift */ = {isa = PBXFileReference; lastKnownFileType = sourcecode.swift; path = SmartEdge/Features/SystemInfo/Views/SystemInfoWidget.swift; sourceTree = "<group>"; };
		1CC1DCFE1D1142ABB1454DAA /* SmartEdge/Shared/Constants/SettingsKeys.swift */ = {isa = PBXFileReference; lastKnownFileType = sourcecode.swift; path = SmartEdge/Shared/Constants/SettingsKeys.swift; sourceTree = "<group>"; };
		1DCD5A84A2D7400E9FB4FA83 /* SmartEdge/Features/Onboarding/PermissionGuideView.swift */ = {isa = PBXFileReference; lastKnownFileType = sourcecode.swift; path = SmartEdge/Features/Onboarding/PermissionGuideView.swift; sourceTree = "<group>"; };
		1F01F9C4AAEB4A42A94B111E /* SmartEdge/Features/SystemStatus/Views/SystemStatusView.swift */ = {isa = PBXFileReference; lastKnownFileType = sourcecode.swift; path = SmartEdge/Features/SystemStatus/Views/SystemStatusView.swift; sourceTree = "<group>"; };
		239A98F458BE44E89FA8A87F /* SmartEdge/Features/SystemInfo/ViewModels/SystemInfoViewModel.swift */ = {isa = PBXFileReference; lastKnownFileType = sourcecode.swift; path = SmartEdge/Features/SystemInfo/ViewModels/SystemInfoViewModel.swift; sourceTree = "<group>"; };
		270888B4B51C46CA9228759D /* SmartEdge/Shared/Models/ShelfModels.swift */ = {isa = PBXFileReference; lastKnownFileType = sourcecode.swift; path = SmartEdge/Shared/Models/ShelfModels.swift; sourceTree = "<group>"; };
		2A000001000000000000001 /* SmartEdgeApp.swift */ = {isa = PBXFileReference; lastKnownFileType = sourcecode.swift; path = SmartEdgeApp.swift; sourceTree = "<group>"; };
		2A000001000000000000002 /* AppDelegate.swift */ = {isa = PBXFileReference; lastKnownFileType = sourcecode.swift; path = AppDelegate.swift; sourceTree = "<group>"; };
		2A000001000000000000003 /* SystemInfo.swift */ = {isa = PBXFileReference; lastKnownFileType = sourcecode.swift; path = SystemInfo.swift; sourceTree = "<group>"; };
		2A000001000000000000004 /* OverlayManager.swift */ = {isa = PBXFileReference; lastKnownFileType = sourcecode.swift; path = OverlayManager.swift; sourceTree = "<group>"; };
		2A000001000000000000005 /* PermissionManager.swift */ = {isa = PBXFileReference; lastKnownFileType = sourcecode.swift; path = PermissionManager.swift; sourceTree = "<group>"; };
		2A000001000000000000006 /* SystemMonitorService.swift */ = {isa = PBXFileReference; lastKnownFileType = sourcecode.swift; path = SystemMonitorService.swift; sourceTree = "<group>"; };
		2A000001000000000000007 /* EdgeOverlayView.swift */ = {isa = PBXFileReference; lastKnownFileType = sourcecode.swift; path = EdgeOverlayView.swift; sourceTree = "<group>"; };
		2A000001000000000000008 /* SystemInfoViewModel.swift */ = {isa = PBXFileReference; lastKnownFileType = sourcecode.swift; path = SystemInfoViewModel.swift; sourceTree = "<group>"; };
		2A000001000000000000009 /* SystemInfoWidget.swift */ = {isa = PBXFileReference; lastKnownFileType = sourcecode.swift; path = SystemInfoWidget.swift; sourceTree = "<group>"; };
		2A000001000000000000010 /* MediaControlViewModel.swift */ = {isa = PBXFileReference; lastKnownFileType = sourcecode.swift; path = MediaControlViewModel.swift; sourceTree = "<group>"; };
		2A000001000000000000011 /* MediaControlWidget.swift */ = {isa = PBXFileReference; lastKnownFileType = sourcecode.swift; path = MediaControlWidget.swift; sourceTree = "<group>"; };
		2A000001000000000000012 /* SettingsView.swift */ = {isa = PBXFileReference; lastKnownFileType = sourcecode.swift; path = SettingsView.swift; sourceTree = "<group>"; };
		2A000001000000000000013 /* Constants.swift */ = {isa = PBXFileReference; lastKnownFileType = sourcecode.swift; path = Constants.swift; sourceTree = "<group>"; };
		2A000001000000000000020 /* Info.plist */ = {isa = PBXFileReference; lastKnownFileType = text.plist.xml; path = Info.plist; sourceTree = "<group>"; };
		2A000001000000000000021 /* SmartEdge.entitlements */ = {isa = PBXFileReference; lastKnownFileType = text.plist.entitlements; path = SmartEdge.entitlements; sourceTree = "<group>"; };
		AB0000010000000000ASSET /* Assets.xcassets */ = {isa = PBXFileReference; lastKnownFileType = folder.assetcatalog; path = Assets.xcassets; sourceTree = "<group>"; };
		2EBB618882E54F7A9E626340 /* SmartEdge/Features/Settings/Views/SettingsView.swift */ = {isa = PBXFileReference; lastKnownFileType = sourcecode.swift; path = SmartEdge/Features/Settings/Views/SettingsView.swift; sourceTree = "<group>"; };
		2FDC9208523546C4A7BA14DC /* SmartEdge/Utils/Constants.swift */ = {isa = PBXFileReference; lastKnownFileType = sourcecode.swift; path = SmartEdge/Utils/Constants.swift; sourceTree = "<group>"; };
		3763CE7DB9FC4B4E86011360 /* SmartEdge/Core/Services/MenuBarController.swift */ = {isa = PBXFileReference; lastKnownFileType = sourcecode.swift; path = SmartEdge/Core/Services/MenuBarController.swift; sourceTree = "<group>"; };
		39EE92811E6D451BB5C23DD8 /* SmartEdge/Shared/Models/SmartEdgeError.swift */ = {isa = PBXFileReference; lastKnownFileType = sourcecode.swift; path = SmartEdge/Shared/Models/SmartEdgeError.swift; sourceTree = "<group>"; };
		3AAD802059254A5CB88B0CCB /* SmartEdge/Core/Services/PomodoroSessionStore.swift */ = {isa = PBXFileReference; lastKnownFileType = sourcecode.swift; path = SmartEdge/Core/Services/PomodoroSessionStore.swift; sourceTree = "<group>"; };
		4099A2E6DC7C4734A00C1346 /* SmartEdge/Features/MediaControl/ViewModels/MediaControlViewModel.swift */ = {isa = PBXFileReference; lastKnownFileType = sourcecode.swift; path = SmartEdge/Features/MediaControl/ViewModels/MediaControlViewModel.swift; sourceTree = "<group>"; };
		419B3BB309F1443C8538654B /* SmartEdge/Core/Protocols/ServiceProtocols.swift */ = {isa = PBXFileReference; lastKnownFileType = sourcecode.swift; path = SmartEdge/Core/Protocols/ServiceProtocols.swift; sourceTree = "<group>"; };
		41AD101E472A4E2F92A5A9D9 /* SmartEdge/Core/Services/BluetoothService.swift */ = {isa = PBXFileReference; lastKnownFileType = sourcecode.swift; path = SmartEdge/Core/Services/BluetoothService.swift; sourceTree = "<group>"; };
		432BE357939B4D338ACA831E /* SmartEdge/Shared/Mocks/PreviewMocks.swift */ = {isa = PBXFileReference; lastKnownFileType = sourcecode.swift; path = SmartEdge/Shared/Mocks/PreviewMocks.swift; sourceTree = "<group>"; };
		451F7C1489FD48149224F3F1 /* SmartEdge/Shared/Models/PermissionModels.swift */ = {isa = PBXFileReference; lastKnownFileType = sourcecode.swift; path = SmartEdge/Shared/Models/PermissionModels.swift; sourceTree = "<group>"; };
		45AA42BFC1BC4FDDAB2C4B7F /* SmartEdge/Core/Services/SystemStatsService.swift */ = {isa = PBXFileReference; lastKnownFileType = sourcecode.swift; path = SmartEdge/Core/Services/SystemStatsService.swift; sourceTree = "<group>"; };
		49186A27BFEE42BB9D1DDE2A /* SmartEdge/Core/Protocols/BatteryServiceProtocol.swift */ = {isa = PBXFileReference; lastKnownFileType = sourcecode.swift; path = SmartEdge/Core/Protocols/BatteryServiceProtocol.swift; sourceTree = "<group>"; };
		4AC2BECCEAC74C31B9E744A8 /* SmartEdge/Features/Actions/ActionsContentView.swift */ = {isa = PBXFileReference; lastKnownFileType = sourcecode.swift; path = SmartEdge/Features/Actions/ActionsContentView.swift; sourceTree = "<group>"; };
		4C98774C467C41BEA78F3302 /* SmartEdge/Core/Services/SystemService.swift */ = {isa = PBXFileReference; lastKnownFileType = sourcecode.swift; path = SmartEdge/Core/Services/SystemService.swift; sourceTree = "<group>"; };
		5126CD50A38E4759B3F2BFD6 /* SmartEdge/Core/Services/SettingsService.swift */ = {isa = PBXFileReference; lastKnownFileType = sourcecode.swift; path = SmartEdge/Core/Services/SettingsService.swift; sourceTree = "<group>"; };
		5A436517B7574A82AAD5C20F /* SmartEdge/Core/Protocols/CalendarServiceProtocol.swift */ = {isa = PBXFileReference; lastKnownFileType = sourcecode.swift; path = SmartEdge/Core/Protocols/CalendarServiceProtocol.swift; sourceTree = "<group>"; };
		5AA3B5794A4D4C56AF969E5D /* SmartEdge/Core/Services/SystemMonitorService.swift */ = {isa = PBXFileReference; lastKnownFileType = sourcecode.swift; path = SmartEdge/Core/Services/SystemMonitorService.swift; sourceTree = "<group>"; };
		648BC96A35A543AE86F290F0 /* SmartEdge/Core/Protocols/BluetoothServiceProtocol.swift */ = {isa = PBXFileReference; lastKnownFileType = sourcecode.swift; path = SmartEdge/Core/Protocols/BluetoothServiceProtocol.swift; sourceTree = "<group>"; };
		655AF19EFDF24996B355B9EA /* SmartEdge/Features/MusicPlayer/MusicPlayerView.swift */ = {isa = PBXFileReference; lastKnownFileType = sourcecode.swift; path = SmartEdge/Features/MusicPlayer/MusicPlayerView.swift; sourceTree = "<group>"; };
		65CE8109DB364E7C9EDAC796 /* SmartEdge/Features/SystemStatus/ViewModels/SystemStatusViewModel.swift */ = {isa = PBXFileReference; lastKnownFileType = sourcecode.swift; path = SmartEdge/Features/SystemStatus/ViewModels/SystemStatusViewModel.swift; sourceTree = "<group>"; };
		66D74D1258AB47F68F852AB2 /* SmartEdge/Features/Notch/NotchViewModel.swift */ = {isa = PBXFileReference; lastKnownFileType = sourcecode.swift; path = SmartEdge/Features/Notch/NotchViewModel.swift; sourceTree = "<group>"; };
		670D70A12E934BFEABEEAAE2 /* SmartEdge/Features/Shelf/ShelfTransferContentView.swift */ = {isa = PBXFileReference; lastKnownFileType = sourcecode.swift; path = SmartEdge/Features/Shelf/ShelfTransferContentView.swift; sourceTree = "<group>"; };
		675126FF9A794956AA19903E /* SmartEdge/Core/Services/CalendarService.swift */ = {isa = PBXFileReference; lastKnownFileType = sourcecode.swift; path = SmartEdge/Core/Services/CalendarService.swift; sourceTree = "<group>"; };
		6862153379724E62BF0AF97D /* SmartEdge/Core/Protocols/ShelfServiceProtocol.swift */ = {isa = PBXFileReference; lastKnownFileType = sourcecode.swift; path = SmartEdge/Core/Protocols/ShelfServiceProtocol.swift; sourceTree = "<group>"; };
		6ABA5CD54C0C49FA9B1FB7DE /* SmartEdge/Core/Services/FileSharingService.swift */ = {isa = PBXFileReference; lastKnownFileType = sourcecode.swift; path = SmartEdge/Core/Services/FileSharingService.swift; sourceTree = "<group>"; };
		6B35473B4C4E4F6195F1A87D /* SmartEdge/Features/Shelf/ShelfViewModel.swift */ = {isa = PBXFileReference; lastKnownFileType = sourcecode.swift; path = SmartEdge/Features/Shelf/ShelfViewModel.swift; sourceTree = "<group>"; };
		76EBF0412D674834AC062F54 /* SmartEdge/Core/Models/SystemInfo.swift */ = {isa = PBXFileReference; lastKnownFileType = sourcecode.swift; path = SmartEdge/Core/Models/SystemInfo.swift; sourceTree = "<group>"; };
		777FEE089B5344508C637B7D /* SmartEdge/Features/Settings/Panels/GeneralSettingsPanel.swift */ = {isa = PBXFileReference; lastKnownFileType = sourcecode.swift; path = SmartEdge/Features/Settings/Panels/GeneralSettingsPanel.swift; sourceTree = "<group>"; };
		77E317A4B4374F48B227D726 /* SmartEdge/Features/Calendar/CalendarQuickActions.swift */ = {isa = PBXFileReference; lastKnownFileType = sourcecode.swift; path = SmartEdge/Features/Calendar/CalendarQuickActions.swift; sourceTree = "<group>"; };
		7A5C05855EBE4BB89EBEAF1E /* SmartEdge/Shared/Components/LoadingViews.swift */ = {isa = PBXFileReference; lastKnownFileType = sourcecode.swift; path = SmartEdge/Shared/Components/LoadingViews.swift; sourceTree = "<group>"; };
		82D53A57F77747DDB343B15C /* SmartEdge/Features/Settings/Panels/PrivacySettingsPanel.swift */ = {isa = PBXFileReference; lastKnownFileType = sourcecode.swift; path = SmartEdge/Features/Settings/Panels/PrivacySettingsPanel.swift; sourceTree = "<group>"; };
		86B8159C6F00432D8BFBFDED /* SmartEdge/Features/Settings/Components/NotchPreview.swift */ = {isa = PBXFileReference; lastKnownFileType = sourcecode.swift; path = SmartEdge/Features/Settings/Components/NotchPreview.swift; sourceTree = "<group>"; };
		8AA3B867B2664E1CAB912066 /* SmartEdge/Core/Coordinators/AppCoordinator.swift */ = {isa = PBXFileReference; lastKnownFileType = sourcecode.swift; path = SmartEdge/Core/Coordinators/AppCoordinator.swift; sourceTree = "<group>"; };
		8B9304177E52436B912A9FEC /* SmartEdge/Core/Protocols/NotchWindowManagerProtocol.swift */ = {isa = PBXFileReference; lastKnownFileType = sourcecode.swift; path = SmartEdge/Core/Protocols/NotchWindowManagerProtocol.swift; sourceTree = "<group>"; };
		90043C76187F4381B7103DB9 /* SmartEdge/Core/Protocols/AppCoordinatorProtocol.swift */ = {isa = PBXFileReference; lastKnownFileType = sourcecode.swift; path = SmartEdge/Core/Protocols/AppCoordinatorProtocol.swift; sourceTree = "<group>"; };
		9535B73E8A6344DD88723CFB /* SmartEdge/Features/Calendar/CalendarView.swift */ = {isa = PBXFileReference; lastKnownFileType = sourcecode.swift; path = SmartEdge/Features/Calendar/CalendarView.swift; sourceTree = "<group>"; };
		9BA9E2C217584AF3937B7A82 /* SmartEdge/Shared/Components/NotchAnimation.swift */ = {isa = PBXFileReference; lastKnownFileType = sourcecode.swift; path = SmartEdge/Shared/Components/NotchAnimation.swift; sourceTree = "<group>"; };
		9CBAB0E30B2F44899CE30930 /* SmartEdge/Core/Services/EventNotificationService.swift */ = {isa = PBXFileReference; lastKnownFileType = sourcecode.swift; path = SmartEdge/Core/Services/EventNotificationService.swift; sourceTree = "<group>"; };
		9E8FD0F5E6D9480FA4239AF8 /* SmartEdge/Core/Services/ServiceContainer.swift */ = {isa = PBXFileReference; lastKnownFileType = sourcecode.swift; path = SmartEdge/Core/Services/ServiceContainer.swift; sourceTree = "<group>"; };
		9E98640E88BB415E961314D4 /* SmartEdge/Core/Services/ClipboardMonitorService.swift */ = {isa = PBXFileReference; lastKnownFileType = sourcecode.swift; path = SmartEdge/Core/Services/ClipboardMonitorService.swift; sourceTree = "<group>"; };
		9E9A0F81674A4B2DBB95FFEA /* SmartEdge/Shared/Mocks/MockServices.swift */ = {isa = PBXFileReference; lastKnownFileType = sourcecode.swift; path = SmartEdge/Shared/Mocks/MockServices.swift; sourceTree = "<group>"; };
		9EDF93BE428849C49FCD59A4 /* SmartEdge/Features/Shelf/ShelfView.swift */ = {isa = PBXFileReference; lastKnownFileType = sourcecode.swift; path = SmartEdge/Features/Shelf/ShelfView.swift; sourceTree = "<group>"; };
		A19A5B88BF2744848B38CAE0 /* SmartEdge/Core/Services/SystemPermissionManager.swift */ = {isa = PBXFileReference; lastKnownFileType = sourcecode.swift; path = SmartEdge/Core/Services/SystemPermissionManager.swift; sourceTree = "<group>"; };
		A77E0D6276B54C168749EC51 /* SmartEdge/Features/Pomodoro/PomodoroContentView.swift */ = {isa = PBXFileReference; lastKnownFileType = sourcecode.swift; path = SmartEdge/Features/Pomodoro/PomodoroContentView.swift; sourceTree = "<group>"; };
		A81A090F536C4D21822095A2 /* SmartEdge/Features/Pomodoro/PomodoroStatisticsView.swift */ = {isa = PBXFileReference; lastKnownFileType = sourcecode.swift; path = SmartEdge/Features/Pomodoro/PomodoroStatisticsView.swift; sourceTree = "<group>"; };
		AA862A227FF64CA58BE480D0 /* SmartEdge/Shared/Components/NotchShape.swift */ = {isa = PBXFileReference; lastKnownFileType = sourcecode.swift; path = SmartEdge/Shared/Components/NotchShape.swift; sourceTree = "<group>"; };
		B0586A9CD5994E42A38D049A /* SmartEdge/Features/Settings/Components/PermissionStatusView.swift */ = {isa = PBXFileReference; lastKnownFileType = sourcecode.swift; path = SmartEdge/Features/Settings/Components/PermissionStatusView.swift; sourceTree = "<group>"; };
		A4A2B3C4D5E6F70819203171 /* SmartEdge/Features/Settings/Components/ProLockOverlay.swift */ = {isa = PBXFileReference; lastKnownFileType = sourcecode.swift; path = SmartEdge/Features/Settings/Components/ProLockOverlay.swift; sourceTree = "<group>"; };
		A4A2B3C4D5E6F70819203181 /* SmartEdge/Features/Settings/Components/SettingsCard.swift */ = {isa = PBXFileReference; lastKnownFileType = sourcecode.swift; path = SmartEdge/Features/Settings/Components/SettingsCard.swift; sourceTree = "<group>"; };
		B1C2D3E4F506172839A4B5C6 /* SmartEdge/Shared/Components/NotchTheme.swift */ = {isa = PBXFileReference; lastKnownFileType = sourcecode.swift; path = SmartEdge/Shared/Components/NotchTheme.swift; sourceTree = "<group>"; };
		B2446B54485E4E2894737B9F /* SmartEdge/Core/Protocols/NotchCoordinatorProtocol.swift */ = {isa = PBXFileReference; lastKnownFileType = sourcecode.swift; path = SmartEdge/Core/Protocols/NotchCoordinatorProtocol.swift; sourceTree = "<group>"; };
		B6EE71459AB645E1A0A091A3 /* SmartEdge/Features/Settings/SettingsViewModel.swift */ = {isa = PBXFileReference; lastKnownFileType = sourcecode.swift; path = SmartEdge/Features/Settings/SettingsViewModel.swift; sourceTree = "<group>"; };
		B8622251ABAA42AFAD89996B /* SmartEdge/Features/Notch/NotificationContentView.swift */ = {isa = PBXFileReference; lastKnownFileType = sourcecode.swift; path = SmartEdge/Features/Notch/NotificationContentView.swift; sourceTree = "<group>"; };
		B9D58DD30D3A4F4CBADA542C /* SmartEdge/Features/MusicPlayer/MusicPlayerViewModel.swift */ = {isa = PBXFileReference; lastKnownFileType = sourcecode.swift; path = SmartEdge/Features/MusicPlayer/MusicPlayerViewModel.swift; sourceTree = "<group>"; };
		BDD807A40F27416DAEB2830A /* SmartEdge/Features/Settings/Panels/CalendarSettingsPanel.swift */ = {isa = PBXFileReference; lastKnownFileType = sourcecode.swift; path = SmartEdge/Features/Settings/Panels/CalendarSettingsPanel.swift; sourceTree = "<group>"; };
		BE35D88D098A40CA8F7ADDD7 /* SmartEdge/Core/Protocols/MediaServiceProtocol.swift */ = {isa = PBXFileReference; lastKnownFileType = sourcecode.swift; path = SmartEdge/Core/Protocols/MediaServiceProtocol.swift; sourceTree = "<group>"; };
		C0AFF9000F45448BA570F492 /* SmartEdge/Features/Settings/Panels/ShelfSettingsPanel.swift */ = {isa = PBXFileReference; lastKnownFileType = sourcecode.swift; path = SmartEdge/Features/Settings/Panels/ShelfSettingsPanel.swift; sourceTree = "<group>"; };
		C57E920B30C94C328F6E7EFB /* SmartEdge/Features/Settings/Panels/NotchSettingsPanel.swift */ = {isa = PBXFileReference; lastKnownFileType = sourcecode.swift; path = SmartEdge/Features/Settings/Panels/NotchSettingsPanel.swift; sourceTree = "<group>"; };
		C9A1EE774E1242EE93F81D2B /* SmartEdge/UI/Overlays/EdgeOverlayView.swift */ = {isa = PBXFileReference; lastKnownFileType = sourcecode.swift; path = SmartEdge/UI/Overlays/EdgeOverlayView.swift; sourceTree = "<group>"; };
		CC8B3C5699D84DAAA3980480 /* SmartEdge/Core/Services/NotchWindowManager.swift */ = {isa = PBXFileReference; lastKnownFileType = sourcecode.swift; path = SmartEdge/Core/Services/NotchWindowManager.swift; sourceTree = "<group>"; };
		CEC31CE8577B4C08873C086F /* SmartEdge/Core/Managers/PermissionManager.swift */ = {isa = PBXFileReference; lastKnownFileType = sourcecode.swift; path = SmartEdge/Core/Managers/PermissionManager.swift; sourceTree = "<group>"; };
		D1A2B3C4D5E6F70819203141 /* SmartEdge/Core/Services/Music/AppleScriptRunner.swift */ = {isa = PBXFileReference; lastKnownFileType = sourcecode.swift; path = SmartEdge/Core/Services/Music/AppleScriptRunner.swift; sourceTree = "<group>"; };
		D26AF81DB97742E8B33A57B1 /* SmartEdge/Shared/Components/ErrorStatePreview.swift */ = {isa = PBXFileReference; lastKnownFileType = sourcecode.swift; path = SmartEdge/Shared/Components/ErrorStatePreview.swift; sourceTree = "<group>"; };
		D2A2B3C4D5E6F70819203143 /* SmartEdge/Core/Services/Music/AppleScriptMediaService.swift */ = {isa = PBXFileReference; lastKnownFileType = sourcecode.swift; path = SmartEdge/Core/Services/Music/AppleScriptMediaService.swift; sourceTree = "<group>"; };
		D3CB4943B94A476393D0C64E /* SmartEdge/Features/Clipboard/ClipboardContentView.swift */ = {isa = PBXFileReference; lastKnownFileType = sourcecode.swift; path = SmartEdge/Features/Clipboard/ClipboardContentView.swift; sourceTree = "<group>"; };
		D48104B83F3443FE9A8A43CB /* SmartEdge/Core/Services/GlobalHotkeyManager.swift */ = {isa = PBXFileReference; lastKnownFileType = sourcecode.swift; path = SmartEdge/Core/Services/GlobalHotkeyManager.swift; sourceTree = "<group>"; };
		D681A100AE3A40949F7422DB /* SmartEdge/Features/Settings/Views/SettingsSidebar.swift */ = {isa = PBXFileReference; lastKnownFileType = sourcecode.swift; path = SmartEdge/Features/Settings/Views/SettingsSidebar.swift; sourceTree = "<group>"; };
		D740EF6B70D44DBF9BFC86AE /* SmartEdge/Features/Settings/Panels/SystemStatusSettingsPanel.swift */ = {isa = PBXFileReference; lastKnownFileType = sourcecode.swift; path = SmartEdge/Features/Settings/Panels/SystemStatusSettingsPanel.swift; sourceTree = "<group>"; };
		D79107604922492CA36AA5AE /* SmartEdge/Core/Services/ShelfService.swift */ = {isa = PBXFileReference; lastKnownFileType = sourcecode.swift; path = SmartEdge/Core/Services/ShelfService.swift; sourceTree = "<group>"; };
		DB65FC81EE0D4A11A3195B24 /* SmartEdge/Shared/Components/NativeHUDStyle.swift */ = {isa = PBXFileReference; lastKnownFileType = sourcecode.swift; path = SmartEdge/Shared/Components/NativeHUDStyle.swift; sourceTree = "<group>"; };
		DD692F1AFE1A4DC28CC9B4A7 /* SmartEdge/Core/Services/PomodoroService.swift */ = {isa = PBXFileReference; lastKnownFileType = sourcecode.swift; path = SmartEdge/Core/Services/PomodoroService.swift; sourceTree = "<group>"; };
		DE0BADD219814A4EBF7C10AE /* SmartEdge/Features/Settings/Components/PermissionRow.swift */ = {isa = PBXFileReference; lastKnownFileType = sourcecode.swift; path = SmartEdge/Features/Settings/Components/PermissionRow.swift; sourceTree = "<group>"; };
		DFCA08F6AFEF43CA80E6D009 /* SmartEdge/App/SmartEdgeApp.swift */ = {isa = PBXFileReference; lastKnownFileType = sourcecode.swift; path = SmartEdge/App/SmartEdgeApp.swift; sourceTree = "<group>"; };
		E122F00AD71648E3B706427B /* SmartEdge/Features/Settings/Panels/DisplayDiagnosticsSection.swift */ = {isa = PBXFileReference; lastKnownFileType = sourcecode.swift; path = SmartEdge/Features/Settings/Panels/DisplayDiagnosticsSection.swift; sourceTree = "<group>"; };
		E1573FCF394742ECA481ADF4 /* SmartEdge/Features/Settings/Panels/MusicPlayerSettingsPanel.swift */ = {isa = PBXFileReference; lastKnownFileType = sourcecode.swift; path = SmartEdge/Features/Settings/Panels/MusicPlayerSettingsPanel.swift; sourceTree = "<group>"; };
		E2A2B3C4D5E6F70819203151 /* SmartEdge/Core/Services/StoreService.swift */ = {isa = PBXFileReference; lastKnownFileType = sourcecode.swift; path = SmartEdge/Core/Services/StoreService.swift; sourceTree = "<group>"; };
		E4A8CDCA38194441BD1E801D /* SmartEdge/Core/Services/BatteryService.swift */ = {isa = PBXFileReference; lastKnownFileType = sourcecode.swift; path = SmartEdge/Core/Services/BatteryService.swift; sourceTree = "<group>"; };
		E9CC175F2FE7F1D0001C5393 /* SmartEdge.storekit */ = {isa = PBXFileReference; lastKnownFileType = text; path = SmartEdge.storekit; sourceTree = "<group>"; };
		ECAE9087FEE7410A8FB2F272 /* SmartEdge/Shared/Models/NowPlayingModel.swift */ = {isa = PBXFileReference; lastKnownFileType = sourcecode.swift; path = SmartEdge/Shared/Models/NowPlayingModel.swift; sourceTree = "<group>"; };
		F056A7EBE7C44D22BED8C98D /* SmartEdge/Features/Settings/Panels/IntegrationsSettingsPanel.swift */ = {isa = PBXFileReference; lastKnownFileType = sourcecode.swift; path = SmartEdge/Features/Settings/Panels/IntegrationsSettingsPanel.swift; sourceTree = "<group>"; };
		F10B8BA9E45047B496D50DD3 /* SmartEdge/Core/Managers/OverlayManager.swift */ = {isa = PBXFileReference; lastKnownFileType = sourcecode.swift; path = SmartEdge/Core/Managers/OverlayManager.swift; sourceTree = "<group>"; };
		F2A2B3C4D5E6F70819203161 /* SmartEdge/Features/Settings/Panels/ProSettingsPanel.swift */ = {isa = PBXFileReference; lastKnownFileType = sourcecode.swift; path = SmartEdge/Features/Settings/Panels/ProSettingsPanel.swift; sourceTree = "<group>"; };
		F68229DAC7B840A292E55AB9 /* SmartEdge/Features/Notch/SystemStatusPlaceholderView.swift */ = {isa = PBXFileReference; lastKnownFileType = sourcecode.swift; path = SmartEdge/Features/Notch/SystemStatusPlaceholderView.swift; sourceTree = "<group>"; };
		F88987F8626A4F37A5C36912 /* SmartEdge/Shared/Models/AppSettings.swift */ = {isa = PBXFileReference; lastKnownFileType = sourcecode.swift; path = SmartEdge/Shared/Models/AppSettings.swift; sourceTree = "<group>"; };
		F8B090DD2C3A4F1094D9A25B /* SmartEdge/Shared/Components/ErrorViews.swift */ = {isa = PBXFileReference; lastKnownFileType = sourcecode.swift; path = SmartEdge/Shared/Components/ErrorViews.swift; sourceTree = "<group>"; };
		F9E52B2CC15A46448316C3C5 /* SmartEdge/Shared/Models/NotchDisplayPolicy.swift */ = {isa = PBXFileReference; lastKnownFileType = sourcecode.swift; path = SmartEdge/Shared/Models/NotchDisplayPolicy.swift; sourceTree = "<group>"; };
		F9F38D10BB344141938C3761 /* SmartEdge/Shared/Models/NotchModels.swift */ = {isa = PBXFileReference; lastKnownFileType = sourcecode.swift; path = SmartEdge/Shared/Models/NotchModels.swift; sourceTree = "<group>"; };
		FA25F5E4CA584ECEB5F77473 /* SmartEdge/App/AppDelegate.swift */ = {isa = PBXFileReference; lastKnownFileType = sourcecode.swift; path = SmartEdge/App/AppDelegate.swift; sourceTree = "<group>"; };
		FAAE116F11DE457FA66C7C71 /* SmartEdge/Shared/Models/Track.swift */ = {isa = PBXFileReference; lastKnownFileType = sourcecode.swift; path = SmartEdge/Shared/Models/Track.swift; sourceTree = "<group>"; };
		FDBC424748914894AECF9105 /* SmartEdge/Features/Clipboard/ClipboardViewModel.swift */ = {isa = PBXFileReference; lastKnownFileType = sourcecode.swift; path = SmartEdge/Features/Clipboard/ClipboardViewModel.swift; sourceTree = "<group>"; };
		FDFC5BB246BC4404B90E7799 /* SmartEdge/Core/Services/WebhookService.swift */ = {isa = PBXFileReference; lastKnownFileType = sourcecode.swift; path = SmartEdge/Core/Services/WebhookService.swift; sourceTree = "<group>"; };
/* End PBXFileReference section */

/* Begin PBXFrameworksBuildPhase section */
		1A000001000000000000101 /* Frameworks */ = {
			isa = PBXFrameworksBuildPhase;
			buildActionMask = 2147483647;
			files = (
			);
			runOnlyForDeploymentPostprocessing = 0;
		};
/* End PBXFrameworksBuildPhase section */

/* Begin PBXGroup section */
		1A000001000000000000200 = {
			isa = PBXGroup;
			children = (
				E9CC175F2FE7F1D0001C5393 /* SmartEdge.storekit */,
				2A000001000000000000200 /* SmartEdge */,
				1A000001000000000000201 /* Products */,
				E9A786342FDC263800225BFF /* Recovered References */,
			);
			sourceTree = "<group>";
		};
		1A000001000000000000201 /* Products */ = {
			isa = PBXGroup;
			children = (
				1A000001000000000000100 /* SmartEdge.app */,
			);
			name = Products;
			sourceTree = "<group>";
		};
		2A000001000000000000200 /* SmartEdge */ = {
			isa = PBXGroup;
			children = (
				2A000001000000000000201 /* App */,
				2A000001000000000000202 /* Core */,
				2A000001000000000000203 /* Features */,
				2A000001000000000000204 /* UI */,
				2A000001000000000000205 /* Utils */,
				2A000001000000000000206 /* Resources */,
			);
			path = SmartEdge;
			sourceTree = "<group>";
		};
		2A000001000000000000201 /* App */ = {
			isa = PBXGroup;
			children = (
				2A000001000000000000001 /* SmartEdgeApp.swift */,
				2A000001000000000000002 /* AppDelegate.swift */,
			);
			path = App;
			sourceTree = "<group>";
		};
		2A000001000000000000202 /* Core */ = {
			isa = PBXGroup;
			children = (
				2A000001000000000000210 /* Models */,
				2A000001000000000000211 /* Services */,
				2A000001000000000000212 /* Managers */,
			);
			path = Core;
			sourceTree = "<group>";
		};
		2A000001000000000000203 /* Features */ = {
			isa = PBXGroup;
			children = (
				2A000001000000000000220 /* SystemInfo */,
				2A000001000000000000221 /* MediaControl */,
				2A000001000000000000222 /* Settings */,
			);
			path = Features;
			sourceTree = "<group>";
		};
		2A000001000000000000204 /* UI */ = {
			isa = PBXGroup;
			children = (
				2A000001000000000000260 /* Overlays */,
			);
			path = UI;
			sourceTree = "<group>";
		};
		2A000001000000000000205 /* Utils */ = {
			isa = PBXGroup;
			children = (
				2A000001000000000000013 /* Constants.swift */,
			);
			path = Utils;
			sourceTree = "<group>";
		};
		2A000001000000000000206 /* Resources */ = {
			isa = PBXGroup;
			children = (
				2A000001000000000000020 /* Info.plist */,
				2A000001000000000000021 /* SmartEdge.entitlements */,
				AB0000010000000000ASSET /* Assets.xcassets */,
			);
			path = Resources;
			sourceTree = "<group>";
		};
		2A000001000000000000210 /* Models */ = {
			isa = PBXGroup;
			children = (
				2A000001000000000000003 /* SystemInfo.swift */,
			);
			path = Models;
			sourceTree = "<group>";
		};
		2A000001000000000000211 /* Services */ = {
			isa = PBXGroup;
			children = (
				2A000001000000000000006 /* SystemMonitorService.swift */,
			);
			path = Services;
			sourceTree = "<group>";
		};
		2A000001000000000000212 /* Managers */ = {
			isa = PBXGroup;
			children = (
				2A000001000000000000004 /* OverlayManager.swift */,
				2A000001000000000000005 /* PermissionManager.swift */,
			);
			path = Managers;
			sourceTree = "<group>";
		};
		2A000001000000000000220 /* SystemInfo */ = {
			isa = PBXGroup;
			children = (
				2A000001000000000000230 /* Views */,
				2A000001000000000000231 /* ViewModels */,
			);
			path = SystemInfo;
			sourceTree = "<group>";
		};
		2A000001000000000000221 /* MediaControl */ = {
			isa = PBXGroup;
			children = (
				2A000001000000000000240 /* Views */,
				2A000001000000000000241 /* ViewModels */,
			);
			path = MediaControl;
			sourceTree = "<group>";
		};
		2A000001000000000000222 /* Settings */ = {
			isa = PBXGroup;
			children = (
				2A000001000000000000250 /* Views */,
			);
			path = Settings;
			sourceTree = "<group>";
		};
		2A000001000000000000230 /* Views */ = {
			isa = PBXGroup;
			children = (
				2A000001000000000000009 /* SystemInfoWidget.swift */,
			);
			path = Views;
			sourceTree = "<group>";
		};
		2A000001000000000000231 /* ViewModels */ = {
			isa = PBXGroup;
			children = (
				2A000001000000000000008 /* SystemInfoViewModel.swift */,
			);
			path = ViewModels;
			sourceTree = "<group>";
		};
		2A000001000000000000240 /* Views */ = {
			isa = PBXGroup;
			children = (
				2A000001000000000000011 /* MediaControlWidget.swift */,
			);
			path = Views;
			sourceTree = "<group>";
		};
		2A000001000000000000241 /* ViewModels */ = {
			isa = PBXGroup;
			children = (
				2A000001000000000000010 /* MediaControlViewModel.swift */,
			);
			path = ViewModels;
			sourceTree = "<group>";
		};
		2A000001000000000000250 /* Views */ = {
			isa = PBXGroup;
			children = (
				2A000001000000000000012 /* SettingsView.swift */,
			);
			path = Views;
			sourceTree = "<group>";
		};
		2A000001000000000000260 /* Overlays */ = {
			isa = PBXGroup;
			children = (
				2A000001000000000000007 /* EdgeOverlayView.swift */,
			);
			path = Overlays;
			sourceTree = "<group>";
		};
		E9A786342FDC263800225BFF /* Recovered References */ = {
			isa = PBXGroup;
			children = (
				FA25F5E4CA584ECEB5F77473 /* SmartEdge/App/AppDelegate.swift */,
				DFCA08F6AFEF43CA80E6D009 /* SmartEdge/App/SmartEdgeApp.swift */,
				8AA3B867B2664E1CAB912066 /* SmartEdge/Core/Coordinators/AppCoordinator.swift */,
				F10B8BA9E45047B496D50DD3 /* SmartEdge/Core/Managers/OverlayManager.swift */,
				CEC31CE8577B4C08873C086F /* SmartEdge/Core/Managers/PermissionManager.swift */,
				76EBF0412D674834AC062F54 /* SmartEdge/Core/Models/SystemInfo.swift */,
				90043C76187F4381B7103DB9 /* SmartEdge/Core/Protocols/AppCoordinatorProtocol.swift */,
				49186A27BFEE42BB9D1DDE2A /* SmartEdge/Core/Protocols/BatteryServiceProtocol.swift */,
				648BC96A35A543AE86F290F0 /* SmartEdge/Core/Protocols/BluetoothServiceProtocol.swift */,
				5A436517B7574A82AAD5C20F /* SmartEdge/Core/Protocols/CalendarServiceProtocol.swift */,
				BE35D88D098A40CA8F7ADDD7 /* SmartEdge/Core/Protocols/MediaServiceProtocol.swift */,
				419B3BB309F1443C8538654B /* SmartEdge/Core/Protocols/ServiceProtocols.swift */,
				6862153379724E62BF0AF97D /* SmartEdge/Core/Protocols/ShelfServiceProtocol.swift */,
				E4A8CDCA38194441BD1E801D /* SmartEdge/Core/Services/BatteryService.swift */,
				41AD101E472A4E2F92A5A9D9 /* SmartEdge/Core/Services/BluetoothService.swift */,
				675126FF9A794956AA19903E /* SmartEdge/Core/Services/CalendarService.swift */,
				9E98640E88BB415E961314D4 /* SmartEdge/Core/Services/ClipboardMonitorService.swift */,
				9CBAB0E30B2F44899CE30930 /* SmartEdge/Core/Services/EventNotificationService.swift */,
				6ABA5CD54C0C49FA9B1FB7DE /* SmartEdge/Core/Services/FileSharingService.swift */,
				CC8B3C5699D84DAAA3980480 /* SmartEdge/Core/Services/NotchWindowManager.swift */,
				9E8FD0F5E6D9480FA4239AF8 /* SmartEdge/Core/Services/ServiceContainer.swift */,
				5126CD50A38E4759B3F2BFD6 /* SmartEdge/Core/Services/SettingsService.swift */,
				D79107604922492CA36AA5AE /* SmartEdge/Core/Services/ShelfService.swift */,
				5AA3B5794A4D4C56AF969E5D /* SmartEdge/Core/Services/SystemMonitorService.swift */,
				A19A5B88BF2744848B38CAE0 /* SmartEdge/Core/Services/SystemPermissionManager.swift */,
				4C98774C467C41BEA78F3302 /* SmartEdge/Core/Services/SystemService.swift */,
				77E317A4B4374F48B227D726 /* SmartEdge/Features/Calendar/CalendarQuickActions.swift */,
				9535B73E8A6344DD88723CFB /* SmartEdge/Features/Calendar/CalendarView.swift */,
				1916BB3A8EB342F9A37A937B /* SmartEdge/Features/Calendar/CalendarViewModel.swift */,
				4099A2E6DC7C4734A00C1346 /* SmartEdge/Features/MediaControl/ViewModels/MediaControlViewModel.swift */,
				1628C2041F5A4AB1B21A7E74 /* SmartEdge/Features/MediaControl/Views/MediaControlWidget.swift */,
				655AF19EFDF24996B355B9EA /* SmartEdge/Features/MusicPlayer/MusicPlayerView.swift */,
				B9D58DD30D3A4F4CBADA542C /* SmartEdge/Features/MusicPlayer/MusicPlayerViewModel.swift */,
				15DB1C04BEEC44EC9C98E877 /* SmartEdge/Features/Notch/NotchView.swift */,
				66D74D1258AB47F68F852AB2 /* SmartEdge/Features/Notch/NotchViewModel.swift */,
				86B8159C6F00432D8BFBFDED /* SmartEdge/Features/Settings/Components/NotchPreview.swift */,
				DE0BADD219814A4EBF7C10AE /* SmartEdge/Features/Settings/Components/PermissionRow.swift */,
				B0586A9CD5994E42A38D049A /* SmartEdge/Features/Settings/Components/PermissionStatusView.swift */,
				BDD807A40F27416DAEB2830A /* SmartEdge/Features/Settings/Panels/CalendarSettingsPanel.swift */,
				777FEE089B5344508C637B7D /* SmartEdge/Features/Settings/Panels/GeneralSettingsPanel.swift */,
				E1573FCF394742ECA481ADF4 /* SmartEdge/Features/Settings/Panels/MusicPlayerSettingsPanel.swift */,
				C57E920B30C94C328F6E7EFB /* SmartEdge/Features/Settings/Panels/NotchSettingsPanel.swift */,
				82D53A57F77747DDB343B15C /* SmartEdge/Features/Settings/Panels/PrivacySettingsPanel.swift */,
				C0AFF9000F45448BA570F492 /* SmartEdge/Features/Settings/Panels/ShelfSettingsPanel.swift */,
				D740EF6B70D44DBF9BFC86AE /* SmartEdge/Features/Settings/Panels/SystemStatusSettingsPanel.swift */,
				B6EE71459AB645E1A0A091A3 /* SmartEdge/Features/Settings/SettingsViewModel.swift */,
				D681A100AE3A40949F7422DB /* SmartEdge/Features/Settings/Views/SettingsSidebar.swift */,
				2EBB618882E54F7A9E626340 /* SmartEdge/Features/Settings/Views/SettingsView.swift */,
				9EDF93BE428849C49FCD59A4 /* SmartEdge/Features/Shelf/ShelfView.swift */,
				6B35473B4C4E4F6195F1A87D /* SmartEdge/Features/Shelf/ShelfViewModel.swift */,
				239A98F458BE44E89FA8A87F /* SmartEdge/Features/SystemInfo/ViewModels/SystemInfoViewModel.swift */,
				1A2AE30214E140CE84A3F500 /* SmartEdge/Features/SystemInfo/Views/SystemInfoWidget.swift */,
				65CE8109DB364E7C9EDAC796 /* SmartEdge/Features/SystemStatus/ViewModels/SystemStatusViewModel.swift */,
				1F01F9C4AAEB4A42A94B111E /* SmartEdge/Features/SystemStatus/Views/SystemStatusView.swift */,
				D26AF81DB97742E8B33A57B1 /* SmartEdge/Shared/Components/ErrorStatePreview.swift */,
				F8B090DD2C3A4F1094D9A25B /* SmartEdge/Shared/Components/ErrorViews.swift */,
				7A5C05855EBE4BB89EBEAF1E /* SmartEdge/Shared/Components/LoadingViews.swift */,
				DB65FC81EE0D4A11A3195B24 /* SmartEdge/Shared/Components/NativeHUDStyle.swift */,
				F88987F8626A4F37A5C36912 /* SmartEdge/Shared/Models/AppSettings.swift */,
				0A87CD4522EB460185714400 /* SmartEdge/Shared/Models/CalendarModels.swift */,
				06112EAEC2CF413091EDEBBF /* SmartEdge/Shared/Models/MediaModels.swift */,
				ECAE9087FEE7410A8FB2F272 /* SmartEdge/Shared/Models/NowPlayingModel.swift */,
				270888B4B51C46CA9228759D /* SmartEdge/Shared/Models/ShelfModels.swift */,
				39EE92811E6D451BB5C23DD8 /* SmartEdge/Shared/Models/SmartEdgeError.swift */,
				0EF4595E3D07460C9368B30B /* SmartEdge/Shared/Models/SystemStatusModels.swift */,
				FAAE116F11DE457FA66C7C71 /* SmartEdge/Shared/Models/Track.swift */,
				C9A1EE774E1242EE93F81D2B /* SmartEdge/UI/Overlays/EdgeOverlayView.swift */,
				2FDC9208523546C4A7BA14DC /* SmartEdge/Utils/Constants.swift */,
				8B9304177E52436B912A9FEC /* SmartEdge/Core/Protocols/NotchWindowManagerProtocol.swift */,
				B2446B54485E4E2894737B9F /* SmartEdge/Core/Protocols/NotchCoordinatorProtocol.swift */,
				451F7C1489FD48149224F3F1 /* SmartEdge/Shared/Models/PermissionModels.swift */,
				F68229DAC7B840A292E55AB9 /* SmartEdge/Features/Notch/SystemStatusPlaceholderView.swift */,
				432BE357939B4D338ACA831E /* SmartEdge/Shared/Mocks/PreviewMocks.swift */,
				02D2E3445B524C92B3A3B70A /* SmartEdge/Shared/Utilities/AppLogger.swift */,
				07A11C992B4A498788F3814E /* SmartEdge/Shared/Models/SystemEvent.swift */,
				1DCD5A84A2D7400E9FB4FA83 /* SmartEdge/Features/Onboarding/PermissionGuideView.swift */,
				3763CE7DB9FC4B4E86011360 /* SmartEdge/Core/Services/MenuBarController.swift */,
				B8622251ABAA42AFAD89996B /* SmartEdge/Features/Notch/NotificationContentView.swift */,
				DD692F1AFE1A4DC28CC9B4A7 /* SmartEdge/Core/Services/PomodoroService.swift */,
				A77E0D6276B54C168749EC51 /* SmartEdge/Features/Pomodoro/PomodoroContentView.swift */,
				D3CB4943B94A476393D0C64E /* SmartEdge/Features/Clipboard/ClipboardContentView.swift */,
				45AA42BFC1BC4FDDAB2C4B7F /* SmartEdge/Core/Services/SystemStatsService.swift */,
				A81A090F536C4D21822095A2 /* SmartEdge/Features/Pomodoro/PomodoroStatisticsView.swift */,
				670D70A12E934BFEABEEAAE2 /* SmartEdge/Features/Shelf/ShelfTransferContentView.swift */,
				D48104B83F3443FE9A8A43CB /* SmartEdge/Core/Services/GlobalHotkeyManager.swift */,
				FDBC424748914894AECF9105 /* SmartEdge/Features/Clipboard/ClipboardViewModel.swift */,
				189AE366C55B40F98127FD07 /* SmartEdge/Features/Pomodoro/PomodoroViewModel.swift */,
				3AAD802059254A5CB88B0CCB /* SmartEdge/Core/Services/PomodoroSessionStore.swift */,
				4AC2BECCEAC74C31B9E744A8 /* SmartEdge/Features/Actions/ActionsContentView.swift */,
				FDFC5BB246BC4404B90E7799 /* SmartEdge/Core/Services/WebhookService.swift */,
				F056A7EBE7C44D22BED8C98D /* SmartEdge/Features/Settings/Panels/IntegrationsSettingsPanel.swift */,
				1CC1DCFE1D1142ABB1454DAA /* SmartEdge/Shared/Constants/SettingsKeys.swift */,
				03A9802C9EE14C9AB2EF20B4 /* SmartEdge/Features/MusicPlayer/Components/AlbumArtworkView.swift */,
				04AEB7D5BEA84BE388571A64 /* SmartEdge/Features/MusicPlayer/Components/MusicVisualizerView.swift */,
				AA862A227FF64CA58BE480D0 /* SmartEdge/Shared/Components/NotchShape.swift */,
				9E9A0F81674A4B2DBB95FFEA /* SmartEdge/Shared/Mocks/MockServices.swift */,
				F9F38D10BB344141938C3761 /* SmartEdge/Shared/Models/NotchModels.swift */,
				E122F00AD71648E3B706427B /* SmartEdge/Features/Settings/Panels/DisplayDiagnosticsSection.swift */,
				0EB76C01625E4A6396DDCC9F /* SmartEdge/Core/Coordinators/Integrations/WebhookCoordinator.swift */,
				F9E52B2CC15A46448316C3C5 /* SmartEdge/Shared/Models/NotchDisplayPolicy.swift */,
				0DAE7F7DA81D432099C1FA26 /* SmartEdge/Core/Coordinators/ChildWindowCoordinator.swift */,
				03AD58E9E69F4A5988A0A236 /* SmartEdge/Core/Coordinators/SystemEventCoordinator.swift */,
				9BA9E2C217584AF3937B7A82 /* SmartEdge/Shared/Components/NotchAnimation.swift */,
				B1C2D3E4F506172839A4B5C6 /* SmartEdge/Shared/Components/NotchTheme.swift */,
				D1A2B3C4D5E6F70819203141 /* SmartEdge/Core/Services/Music/AppleScriptRunner.swift */,
				D2A2B3C4D5E6F70819203143 /* SmartEdge/Core/Services/Music/AppleScriptMediaService.swift */,
				E2A2B3C4D5E6F70819203151 /* SmartEdge/Core/Services/StoreService.swift */,
				F2A2B3C4D5E6F70819203161 /* SmartEdge/Features/Settings/Panels/ProSettingsPanel.swift */,
			);
			name = "Recovered References";
			sourceTree = "<group>";
		};
/* End PBXGroup section */

/* Begin PBXNativeTarget section */
		1A000001000000000000102 /* SmartEdge */ = {
			isa = PBXNativeTarget;
			buildConfigurationList = 1A000001000000000000103 /* Build configuration list for PBXNativeTarget "SmartEdge" */;
			buildPhases = (
				1A000001000000000000104 /* Sources */,
				1A000001000000000000101 /* Frameworks */,
				1A000001000000000000105 /* Resources */,
			);
			buildRules = (
			);
			dependencies = (
			);
			name = SmartEdge;
			productName = SmartEdge;
			productReference = 1A000001000000000000100 /* SmartEdge.app */;
			productType = "com.apple.product-type.application";
		};
/* End PBXNativeTarget section */

/* Begin PBXProject section */
		1A000001000000000000300 /* Project object */ = {
			isa = PBXProject;
			attributes = {
				BuildIndependentTargetsInParallel = 1;
				LastSwiftUpdateCheck = 1540;
				LastUpgradeCheck = 1540;
				TargetAttributes = {
					1A000001000000000000102 = {
						CreatedOnToolsVersion = 15.4;
					};
				};
			};
			buildConfigurationList = 1A000001000000000000301 /* Build configuration list for PBXProject "SmartEdge" */;
			compatibilityVersion = "Xcode 14.0";
			developmentRegion = en;
			hasScannedForEncodings = 0;
			knownRegions = (
				en,
				Base,
			);
			mainGroup = 1A000001000000000000200;
			productRefGroup = 1A000001000000000000201 /* Products */;
			projectDirPath = "";
			projectRoot = "";
			targets = (
				1A000001000000000000102 /* SmartEdge */,
			);
		};
/* End PBXProject section */

/* Begin PBXResourcesBuildPhase section */
		1A000001000000000000105 /* Resources */ = {
			isa = PBXResourcesBuildPhase;
			buildActionMask = 2147483647;
			files = (
				AC0000010000000000ASSET /* Assets.xcassets in Resources */,
			);
			runOnlyForDeploymentPostprocessing = 0;
		};
/* End PBXResourcesBuildPhase section */

/* Begin PBXSourcesBuildPhase section */
		1A000001000000000000104 /* Sources */ = {
			isa = PBXSourcesBuildPhase;
			buildActionMask = 2147483647;
			files = (
				C64C429E672542C3AD877ADB /* SmartEdge/App/AppDelegate.swift in Sources */,
				8A7EB9244A604222A53CA0BE /* SmartEdge/App/SmartEdgeApp.swift in Sources */,
				FAD949AB7CA444B2A5FF6DF4 /* SmartEdge/Core/Coordinators/AppCoordinator.swift in Sources */,
				0438198DFFAD4B1DA9569353 /* SmartEdge/Core/Managers/OverlayManager.swift in Sources */,
				75E4ED6A4C434C69A744BF77 /* SmartEdge/Core/Managers/PermissionManager.swift in Sources */,
				9335F6EE828841EAB65A3A2F /* SmartEdge/Core/Models/SystemInfo.swift in Sources */,
				1ED85FE737A643DE8AD95D17 /* SmartEdge/Core/Protocols/AppCoordinatorProtocol.swift in Sources */,
				D50E52CC3D2948C3BD85C0D8 /* SmartEdge/Core/Protocols/BatteryServiceProtocol.swift in Sources */,
				6A900B629981414990DB1F18 /* SmartEdge/Core/Protocols/BluetoothServiceProtocol.swift in Sources */,
				1695F495E1534FEA801180BE /* SmartEdge/Core/Protocols/CalendarServiceProtocol.swift in Sources */,
				F9880E0C154946ACB7A9EB5A /* SmartEdge/Core/Protocols/MediaServiceProtocol.swift in Sources */,
				D9F6EC53CAE44EBC95360896 /* SmartEdge/Core/Protocols/ServiceProtocols.swift in Sources */,
				10C91E8617EA46E3A0A5ECFC /* SmartEdge/Core/Protocols/ShelfServiceProtocol.swift in Sources */,
				64C0ACD0257F41778D14D236 /* SmartEdge/Core/Services/BatteryService.swift in Sources */,
				4B8ECBD97FDD4BA68B5D3D2D /* SmartEdge/Core/Services/BluetoothService.swift in Sources */,
				DE8FB586E5484B55814CDDD3 /* SmartEdge/Core/Services/CalendarService.swift in Sources */,
				1C8A7C0F0ECB4A95B0BE1BB4 /* SmartEdge/Core/Services/ClipboardMonitorService.swift in Sources */,
				810F7EB28CAE42DDB4278BC9 /* SmartEdge/Core/Services/EventNotificationService.swift in Sources */,
				7D0744CF115146B79FBD10E0 /* SmartEdge/Core/Services/FileSharingService.swift in Sources */,
				C1A2B3C4D5E6F70819203140 /* SmartEdge/Core/Services/Music/AppleScriptRunner.swift in Sources */,
				C2A2B3C4D5E6F70819203142 /* SmartEdge/Core/Services/Music/AppleScriptMediaService.swift in Sources */,
				FCEC450B61FD4FC0A0FEC7D9 /* SmartEdge/Core/Services/NotchWindowManager.swift in Sources */,
				8DD42D6A596A4C1F9CF97FD2 /* SmartEdge/Core/Services/ServiceContainer.swift in Sources */,
				01DB91EDD9A54EE7A7CF8608 /* SmartEdge/Core/Services/SettingsService.swift in Sources */,
				C4A07D9817334B478A611E34 /* SmartEdge/Core/Services/ShelfService.swift in Sources */,
				4E6FD18C9332409CBF752CF7 /* SmartEdge/Core/Services/SystemMonitorService.swift in Sources */,
				D7D7F523551E46B6B86F44F3 /* SmartEdge/Core/Services/SystemPermissionManager.swift in Sources */,
				9A8DE51E3AB34806AA96FC7F /* SmartEdge/Core/Services/SystemService.swift in Sources */,
				E1A2B3C4D5E6F70819203150 /* SmartEdge/Core/Services/StoreService.swift in Sources */,
				7274F0AE458A479AA66C92A0 /* SmartEdge/Features/Calendar/CalendarQuickActions.swift in Sources */,
				3EC495622E5C4C17A0709EF0 /* SmartEdge/Features/Calendar/CalendarView.swift in Sources */,
				2B523145AF65433D8A573087 /* SmartEdge/Features/Calendar/CalendarViewModel.swift in Sources */,
				245BF07B62264B8EA7C21CE2 /* SmartEdge/Features/MediaControl/ViewModels/MediaControlViewModel.swift in Sources */,
				78C5E6CABD084178B44EBEDC /* SmartEdge/Features/MediaControl/Views/MediaControlWidget.swift in Sources */,
				973F9DFBA7D546A7A8AEC6E2 /* SmartEdge/Features/MusicPlayer/MusicPlayerView.swift in Sources */,
				4C98959816BA496392EB7E2B /* SmartEdge/Features/MusicPlayer/MusicPlayerViewModel.swift in Sources */,
				43908EA2D03E4F2CA4BC6AD4 /* SmartEdge/Features/Notch/NotchView.swift in Sources */,
				B6FA89F84EE84A53B2B537EB /* SmartEdge/Features/Notch/NotchViewModel.swift in Sources */,
				CBDB8F8BF67A446EB3C349A6 /* SmartEdge/Features/Settings/Components/NotchPreview.swift in Sources */,
				D8AD549F74824F7FB8FDEE8C /* SmartEdge/Features/Settings/Components/PermissionRow.swift in Sources */,
				B621BF7D751446E189CF023E /* SmartEdge/Features/Settings/Components/PermissionStatusView.swift in Sources */,
				A3A2B3C4D5E6F70819203170 /* SmartEdge/Features/Settings/Components/ProLockOverlay.swift in Sources */,
				A3A2B3C4D5E6F70819203180 /* SmartEdge/Features/Settings/Components/SettingsCard.swift in Sources */,
				E8804790A84245C5AA66675B /* SmartEdge/Features/Settings/Panels/CalendarSettingsPanel.swift in Sources */,
				4205D694014F47B7B28903DB /* SmartEdge/Features/Settings/Panels/GeneralSettingsPanel.swift in Sources */,
				F1A2B3C4D5E6F70819203160 /* SmartEdge/Features/Settings/Panels/ProSettingsPanel.swift in Sources */,
				0800B75887D84C98AD578B40 /* SmartEdge/Features/Settings/Panels/MusicPlayerSettingsPanel.swift in Sources */,
				3A3E26BE0754494E8C7DD955 /* SmartEdge/Features/Settings/Panels/NotchSettingsPanel.swift in Sources */,
				D1E1E16625EF4DF08A009E1F /* SmartEdge/Features/Settings/Panels/PrivacySettingsPanel.swift in Sources */,
				A8F65D67EBCC41DB9CD4A9BB /* SmartEdge/Features/Settings/Panels/ShelfSettingsPanel.swift in Sources */,
				96EAD08960EB46228926425A /* SmartEdge/Features/Settings/Panels/SystemStatusSettingsPanel.swift in Sources */,
				112AB86E5FEE4734984B5D44 /* SmartEdge/Features/Settings/SettingsViewModel.swift in Sources */,
				5AFB1C3B7DD24AA2A8312895 /* SmartEdge/Features/Settings/Views/SettingsSidebar.swift in Sources */,
				B3FFA7DC415C48BCBD285F7B /* SmartEdge/Features/Settings/Views/SettingsView.swift in Sources */,
				E5B62631910940C1B79BC762 /* SmartEdge/Features/Shelf/ShelfView.swift in Sources */,
				E29888BF8EF94182B304EEC6 /* SmartEdge/Features/Shelf/ShelfViewModel.swift in Sources */,
				8928A2097FAC454DB7C05B48 /* SmartEdge/Features/SystemInfo/ViewModels/SystemInfoViewModel.swift in Sources */,
				98C5AFFBF71D4EAD8703C5B5 /* SmartEdge/Features/SystemInfo/Views/SystemInfoWidget.swift in Sources */,
				55CB8585199B4C06AE139945 /* SmartEdge/Features/SystemStatus/ViewModels/SystemStatusViewModel.swift in Sources */,
				BD537788345D499791354A77 /* SmartEdge/Features/SystemStatus/Views/SystemStatusView.swift in Sources */,
				FC3C222119574E8FAE041BA4 /* SmartEdge/Shared/Components/ErrorStatePreview.swift in Sources */,
				D19703714E744A0F984B220B /* SmartEdge/Shared/Components/ErrorViews.swift in Sources */,
				816C6E3A866D471DB8243841 /* SmartEdge/Shared/Components/LoadingViews.swift in Sources */,
				FECA86A86B4A42A2A797574E /* SmartEdge/Shared/Components/NativeHUDStyle.swift in Sources */,
				8D0BCAD4AF8D46A29BB65D34 /* SmartEdge/Shared/Models/AppSettings.swift in Sources */,
				7A21157067554A16A95E4001 /* SmartEdge/Shared/Models/CalendarModels.swift in Sources */,
				415852C48A8445A7905D7004 /* SmartEdge/Shared/Models/MediaModels.swift in Sources */,
				B8D184CC2E294D68AF75D000 /* SmartEdge/Shared/Models/NowPlayingModel.swift in Sources */,
				316D3FBDBDF844FC8DAE37B8 /* SmartEdge/Shared/Models/ShelfModels.swift in Sources */,
				FF2DCAC2462046AEB9402E71 /* SmartEdge/Shared/Models/SmartEdgeError.swift in Sources */,
				8F45D30F63304DB484897E5C /* SmartEdge/Shared/Models/SystemStatusModels.swift in Sources */,
				5EF0C808B79F4D7DBBD8D9BB /* SmartEdge/Shared/Models/Track.swift in Sources */,
				4D64DF380DAC4767B821A4F5 /* SmartEdge/UI/Overlays/EdgeOverlayView.swift in Sources */,
				3E1C7C66F3CC48C69A3A427F /* SmartEdge/Utils/Constants.swift in Sources */,
				853A24AC5C824F659189BF05 /* SmartEdge/Core/Protocols/NotchWindowManagerProtocol.swift in Sources */,
				992BD855463742EFB2085221 /* SmartEdge/Core/Protocols/NotchCoordinatorProtocol.swift in Sources */,
				A044E749580D4CF4AB257DB8 /* SmartEdge/Shared/Models/PermissionModels.swift in Sources */,
				AD0F054451C145968ACD6CF5 /* SmartEdge/Features/Notch/SystemStatusPlaceholderView.swift in Sources */,
				99B6CA9209A24E769A112285 /* SmartEdge/Shared/Mocks/PreviewMocks.swift in Sources */,
				B2F7A9AF76B8494FBBF99721 /* SmartEdge/Shared/Utilities/AppLogger.swift in Sources */,
				2449DCB899F54CFD8B45A138 /* SmartEdge/Shared/Models/SystemEvent.swift in Sources */,
				3DBF2B1A921A4932B31F17F1 /* SmartEdge/Features/Onboarding/PermissionGuideView.swift in Sources */,
				480DF3BDF28741B0A8DD6CCE /* SmartEdge/Core/Services/MenuBarController.swift in Sources */,
				B51AAA59B334497C918FE489 /* SmartEdge/Features/Notch/NotificationContentView.swift in Sources */,
				7958C089276D4E289118B3C7 /* SmartEdge/Core/Services/PomodoroService.swift in Sources */,
				3E5CAD4BD42F46BE8132493F /* SmartEdge/Features/Pomodoro/PomodoroContentView.swift in Sources */,
				FD695318CDD54D98AFF310D5 /* SmartEdge/Features/Clipboard/ClipboardContentView.swift in Sources */,
				60F546AF59464C00ACDD1064 /* SmartEdge/Core/Services/SystemStatsService.swift in Sources */,
				B7082FB084E3471787FB651C /* SmartEdge/Features/Pomodoro/PomodoroStatisticsView.swift in Sources */,
				FEC7526D503C40B589111AB8 /* SmartEdge/Features/Shelf/ShelfTransferContentView.swift in Sources */,
				9923053D3C4343FC818F46B7 /* SmartEdge/Core/Services/GlobalHotkeyManager.swift in Sources */,
				2540645BC2974F01B36BD452 /* SmartEdge/Features/Clipboard/ClipboardViewModel.swift in Sources */,
				0FB9E039B562426FBCE219CD /* SmartEdge/Features/Pomodoro/PomodoroViewModel.swift in Sources */,
				B991FDB95444482B99962646 /* SmartEdge/Core/Services/PomodoroSessionStore.swift in Sources */,
				ADE0AC61074A4DEDAED8906B /* SmartEdge/Features/Actions/ActionsContentView.swift in Sources */,
				A74010C9487B4B88BD5A5B13 /* SmartEdge/Core/Services/WebhookService.swift in Sources */,
				D59766B7293C46BD8B8A746B /* SmartEdge/Features/Settings/Panels/IntegrationsSettingsPanel.swift in Sources */,
				0FE9584B4258489D948BBA34 /* SmartEdge/Shared/Constants/SettingsKeys.swift in Sources */,
				1FA8654974FE43CDB926B428 /* SmartEdge/Features/MusicPlayer/Components/AlbumArtworkView.swift in Sources */,
				9D62D44567F94C00990D6552 /* SmartEdge/Features/MusicPlayer/Components/MusicVisualizerView.swift in Sources */,
				9F3A1AD9DEE84288BDFC48F1 /* SmartEdge/Shared/Components/NotchShape.swift in Sources */,
				9681182FB1A94B0DBC9E6A3E /* SmartEdge/Shared/Mocks/MockServices.swift in Sources */,
				857B9CB287A54F73B2D10E26 /* SmartEdge/Shared/Models/NotchModels.swift in Sources */,
				2B3C038FD2564BEB89295823 /* SmartEdge/Features/Settings/Panels/DisplayDiagnosticsSection.swift in Sources */,
				1D7B43925ACD480A8CAFE758 /* SmartEdge/Core/Coordinators/Integrations/WebhookCoordinator.swift in Sources */,
				B1AA6EC2D4194A2DA51EE672 /* SmartEdge/Shared/Models/NotchDisplayPolicy.swift in Sources */,
				09503888B1BB4E06B2CEF3D3 /* SmartEdge/Core/Coordinators/ChildWindowCoordinator.swift in Sources */,
				C43E9B19EDB746199577141F /* SmartEdge/Core/Coordinators/SystemEventCoordinator.swift in Sources */,
				875B0568994E446F98B9DE2C /* SmartEdge/Shared/Components/NotchAnimation.swift in Sources */,
				A1B2C3D4E5F6708192A3B4C5 /* SmartEdge/Shared/Components/NotchTheme.swift in Sources */,
			);
			runOnlyForDeploymentPostprocessing = 0;
		};
/* End PBXSourcesBuildPhase section */

/* Begin XCBuildConfiguration section */
		1A000001000000000000400 /* Debug */ = {
			isa = XCBuildConfiguration;
			buildSettings = {
				ALWAYS_SEARCH_USER_PATHS = NO;
				ASSETCATALOG_COMPILER_GENERATE_SWIFT_ASSET_SYMBOL_EXTENSIONS = YES;
				CLANG_ANALYZER_NONNULL = YES;
				CLANG_ANALYZER_NUMBER_OBJECT_CONVERSION = YES_AGGRESSIVE;
				CLANG_CXX_LANGUAGE_STANDARD = "gnu++20";
				CLANG_ENABLE_MODULES = YES;
				CLANG_ENABLE_OBJC_ARC = YES;
				CLANG_ENABLE_OBJC_WEAK = YES;
				CLANG_WARN_BLOCK_CAPTURE_AUTORELEASING = YES;
				CLANG_WARN_BOOL_CONVERSION = YES;
				CLANG_WARN_COMMA = YES;
				CLANG_WARN_CONSTANT_CONVERSION = YES;
				CLANG_WARN_DEPRECATED_OBJC_IMPLEMENTATIONS = YES;
				CLANG_WARN_DIRECT_OBJC_ISA_USAGE = YES_ERROR;
				CLANG_WARN_DOCUMENTATION_COMMENTS = YES;
				CLANG_WARN_EMPTY_BODY = YES;
				CLANG_WARN_ENUM_CONVERSION = YES;
				CLANG_WARN_INFINITE_RECURSION = YES;
				CLANG_WARN_INT_CONVERSION = YES;
				CLANG_WARN_NON_LITERAL_NULL_CONVERSION = YES;
				CLANG_WARN_OBJC_IMPLICIT_RETAIN_SELF = YES;
				CLANG_WARN_OBJC_LITERAL_CONVERSION = YES;
				CLANG_WARN_OBJC_ROOT_CLASS = YES_ERROR;
				CLANG_WARN_QUOTED_INCLUDE_IN_FRAMEWORK_HEADER = YES;
				CLANG_WARN_RANGE_LOOP_ANALYSIS = YES;
				CLANG_WARN_STRICT_PROTOTYPES = YES;
				CLANG_WARN_SUSPICIOUS_MOVE = YES;
				CLANG_WARN_UNGUARDED_AVAILABILITY = YES_AGGRESSIVE;
				CLANG_WARN_UNREACHABLE_CODE = YES;
				CLANG_WARN__DUPLICATE_METHOD_MATCH = YES;
				COPY_PHASE_STRIP = NO;
				DEBUG_INFORMATION_FORMAT = dwarf;
				ENABLE_STRICT_OBJC_MSGSEND = YES;
				ENABLE_TESTABILITY = YES;
				ENABLE_USER_SCRIPT_SANDBOXING = YES;
				GCC_C_LANGUAGE_STANDARD = gnu17;
				GCC_DYNAMIC_NO_PIC = NO;
				GCC_NO_COMMON_BLOCKS = YES;
				GCC_OPTIMIZATION_LEVEL = 0;
				GCC_PREPROCESSOR_DEFINITIONS = (
					"DEBUG=1",
					"$(inherited)",
				);
				GCC_WARN_64_TO_32_BIT_CONVERSION = YES;
				GCC_WARN_ABOUT_RETURN_TYPE = YES_ERROR;
				GCC_WARN_UNDECLARED_SELECTOR = YES;
				GCC_WARN_UNINITIALIZED_AUTOS = YES_AGGRESSIVE;
				GCC_WARN_UNUSED_FUNCTION = YES;
				GCC_WARN_UNUSED_VARIABLE = YES;
				LOCALIZATION_PREFERS_STRING_CATALOGS = YES;
				MACOSX_DEPLOYMENT_TARGET = 13.0;
				MTL_ENABLE_DEBUG_INFO = INCLUDE_SOURCE;
				MTL_FAST_MATH = YES;
				ONLY_ACTIVE_ARCH = YES;
				SDKROOT = macosx;
				SWIFT_ACTIVE_COMPILATION_CONDITIONS = "DEBUG $(inherited)";
				SWIFT_OPTIMIZATION_LEVEL = "-Onone";
			};
			name = Debug;
		};
		1A000001000000000000401 /* Release */ = {
			isa = XCBuildConfiguration;
			buildSettings = {
				ALWAYS_SEARCH_USER_PATHS = NO;
				ASSETCATALOG_COMPILER_GENERATE_SWIFT_ASSET_SYMBOL_EXTENSIONS = YES;
				CLANG_ANALYZER_NONNULL = YES;
				CLANG_ANALYZER_NUMBER_OBJECT_CONVERSION = YES_AGGRESSIVE;
				CLANG_CXX_LANGUAGE_STANDARD = "gnu++20";
				CLANG_ENABLE_MODULES = YES;
				CLANG_ENABLE_OBJC_ARC = YES;
				CLANG_ENABLE_OBJC_WEAK = YES;
				CLANG_WARN_BLOCK_CAPTURE_AUTORELEASING = YES;
				CLANG_WARN_BOOL_CONVERSION = YES;
				CLANG_WARN_COMMA = YES;
				CLANG_WARN_CONSTANT_CONVERSION = YES;
				CLANG_WARN_DEPRECATED_OBJC_IMPLEMENTATIONS = YES;
				CLANG_WARN_DIRECT_OBJC_ISA_USAGE = YES_ERROR;
				CLANG_WARN_DOCUMENTATION_COMMENTS = YES;
				CLANG_WARN_EMPTY_BODY = YES;
				CLANG_WARN_ENUM_CONVERSION = YES;
				CLANG_WARN_INFINITE_RECURSION = YES;
				CLANG_WARN_INT_CONVERSION = YES;
				CLANG_WARN_NON_LITERAL_NULL_CONVERSION = YES;
				CLANG_WARN_OBJC_IMPLICIT_RETAIN_SELF = YES;
				CLANG_WARN_OBJC_LITERAL_CONVERSION = YES;
				CLANG_WARN_OBJC_ROOT_CLASS = YES_ERROR;
				CLANG_WARN_QUOTED_INCLUDE_IN_FRAMEWORK_HEADER = YES;
				CLANG_WARN_RANGE_LOOP_ANALYSIS = YES;
				CLANG_WARN_STRICT_PROTOTYPES = YES;
				CLANG_WARN_SUSPICIOUS_MOVE = YES;
				CLANG_WARN_UNGUARDED_AVAILABILITY = YES_AGGRESSIVE;
				CLANG_WARN_UNREACHABLE_CODE = YES;
				CLANG_WARN__DUPLICATE_METHOD_MATCH = YES;
				COPY_PHASE_STRIP = NO;
				DEBUG_INFORMATION_FORMAT = "dwarf-with-dsym";
				ENABLE_NS_ASSERTIONS = NO;
				ENABLE_STRICT_OBJC_MSGSEND = YES;
				ENABLE_USER_SCRIPT_SANDBOXING = YES;
				GCC_C_LANGUAGE_STANDARD = gnu17;
				GCC_NO_COMMON_BLOCKS = YES;
				GCC_WARN_64_TO_32_BIT_CONVERSION = YES;
				GCC_WARN_ABOUT_RETURN_TYPE = YES_ERROR;
				GCC_WARN_UNDECLARED_SELECTOR = YES;
				GCC_WARN_UNINITIALIZED_AUTOS = YES_AGGRESSIVE;
				GCC_WARN_UNUSED_FUNCTION = YES;
				GCC_WARN_UNUSED_VARIABLE = YES;
				LOCALIZATION_PREFERS_STRING_CATALOGS = YES;
				MACOSX_DEPLOYMENT_TARGET = 13.0;
				MTL_ENABLE_DEBUG_INFO = NO;
				MTL_FAST_MATH = YES;
				SDKROOT = macosx;
				SWIFT_COMPILATION_MODE = wholemodule;
			};
			name = Release;
		};
		1A000001000000000000402 /* Debug */ = {
			isa = XCBuildConfiguration;
			buildSettings = {
				ASSETCATALOG_COMPILER_APPICON_NAME = AppIcon;
				ASSETCATALOG_COMPILER_GLOBAL_ACCENT_COLOR_NAME = AccentColor;
				CODE_SIGN_ENTITLEMENTS = SmartEdge/Resources/SmartEdge.entitlements;
				"CODE_SIGN_IDENTITY[sdk=macosx*]" = "Apple Development";
				CODE_SIGN_STYLE = Automatic;
				COMBINE_HIDPI_IMAGES = YES;
				CURRENT_PROJECT_VERSION = 1;
				DEVELOPMENT_ASSET_PATHS = "\"SmartEdge/Preview Content\"";
				DEVELOPMENT_TEAM = T6245YXX47;
				ENABLE_PREVIEWS = YES;
				GENERATE_INFOPLIST_FILE = YES;
				INFOPLIST_FILE = SmartEdge/Resources/Info.plist;
				INFOPLIST_KEY_CFBundleDisplayName = "Smart Edge";
				INFOPLIST_KEY_LSApplicationCategoryType = "public.app-category.productivity";
				INFOPLIST_KEY_NSHumanReadableCopyright = "";
				LD_RUNPATH_SEARCH_PATHS = (
					"$(inherited)",
					"@executable_path/../Frameworks",
				);
				MARKETING_VERSION = 1.0;
				PRODUCT_BUNDLE_IDENTIFIER = com.smartedge.app;
				PRODUCT_NAME = "$(TARGET_NAME)";
				SWIFT_EMIT_LOC_STRINGS = YES;
				SWIFT_VERSION = 5.0;
			};
			name = Debug;
		};
		1A000001000000000000403 /* Release */ = {
			isa = XCBuildConfiguration;
			buildSettings = {
				ASSETCATALOG_COMPILER_APPICON_NAME = AppIcon;
				ASSETCATALOG_COMPILER_GLOBAL_ACCENT_COLOR_NAME = AccentColor;
				CODE_SIGN_ENTITLEMENTS = SmartEdge/Resources/SmartEdge.entitlements;
				"CODE_SIGN_IDENTITY[sdk=macosx*]" = "Apple Development";
				CODE_SIGN_STYLE = Automatic;
				COMBINE_HIDPI_IMAGES = YES;
				CURRENT_PROJECT_VERSION = 1;
				DEVELOPMENT_ASSET_PATHS = "\"SmartEdge/Preview Content\"";
				DEVELOPMENT_TEAM = T6245YXX47;
				ENABLE_PREVIEWS = YES;
				GENERATE_INFOPLIST_FILE = YES;
				INFOPLIST_FILE = SmartEdge/Resources/Info.plist;
				INFOPLIST_KEY_CFBundleDisplayName = "Smart Edge";
				INFOPLIST_KEY_LSApplicationCategoryType = "public.app-category.productivity";
				INFOPLIST_KEY_NSHumanReadableCopyright = "";
				LD_RUNPATH_SEARCH_PATHS = (
					"$(inherited)",
					"@executable_path/../Frameworks",
				);
				MARKETING_VERSION = 1.0;
				PRODUCT_BUNDLE_IDENTIFIER = com.smartedge.app;
				PRODUCT_NAME = "$(TARGET_NAME)";
				SWIFT_EMIT_LOC_STRINGS = YES;
				SWIFT_VERSION = 5.0;
			};
			name = Release;
		};
/* End XCBuildConfiguration section */

/* Begin XCConfigurationList section */
		1A000001000000000000103 /* Build configuration list for PBXNativeTarget "SmartEdge" */ = {
			isa = XCConfigurationList;
			buildConfigurations = (
				1A000001000000000000402 /* Debug */,
				1A000001000000000000403 /* Release */,
			);
			defaultConfigurationIsVisible = 0;
			defaultConfigurationName = Release;
		};
		1A000001000000000000301 /* Build configuration list for PBXProject "SmartEdge" */ = {
			isa = XCConfigurationList;
			buildConfigurations = (
				1A000001000000000000400 /* Debug */,
				1A000001000000000000401 /* Release */,
			);
			defaultConfigurationIsVisible = 0;
			defaultConfigurationName = Release;
		};
/* End XCConfigurationList section */
	};
	rootObject = 1A000001000000000000300 /* Project object */;
}
